// !$*UTF8*$!
{
	archiveVersion = 1;
	classes = {
	};
	objectVersion = 48;
	objects = {

/* Begin PBXBuildFile section */
		2707D04420177D91003AEAE0 /* IntExtension.swift in Sources */ = {isa = PBXBuildFile; fileRef = 2707D04320177D91003AEAE0 /* IntExtension.swift */; };
		27131D79201E656100786303 /* PokemonListViewControllerSetupsExtension.swift in Sources */ = {isa = PBXBuildFile; fileRef = 27131D78201E656100786303 /* PokemonListViewControllerSetupsExtension.swift */; };
		27131D7B201E65A400786303 /* PokemonListViewControllerSelectorExtension.swift in Sources */ = {isa = PBXBuildFile; fileRef = 27131D7A201E65A400786303 /* PokemonListViewControllerSelectorExtension.swift */; };
		27131D7D201E660A00786303 /* BaseViewController.swift in Sources */ = {isa = PBXBuildFile; fileRef = 27131D7C201E660A00786303 /* BaseViewController.swift */; };
		27131D80201E6AD100786303 /* BaseViewControllerReachabilityExtension.swift in Sources */ = {isa = PBXBuildFile; fileRef = 27131D7F201E6AD100786303 /* BaseViewControllerReachabilityExtension.swift */; };
		27131D89201E8A6700786303 /* PokemonType.swift in Sources */ = {isa = PBXBuildFile; fileRef = 27131D88201E8A6700786303 /* PokemonType.swift */; };
		27131D8D201E971E00786303 /* CreateOrEditPokemonViewControllerPickerViewExtension.swift in Sources */ = {isa = PBXBuildFile; fileRef = 27131D8C201E971E00786303 /* CreateOrEditPokemonViewControllerPickerViewExtension.swift */; };
		271C1481201D1DD000BCDE18 /* ReachabilityManager.swift in Sources */ = {isa = PBXBuildFile; fileRef = 271C1480201D1DD000BCDE18 /* ReachabilityManager.swift */; };
		27361AF72020D432000FAA1E /* FadeTransition.swift in Sources */ = {isa = PBXBuildFile; fileRef = 27361AF62020D432000FAA1E /* FadeTransition.swift */; };
		27361AF92020D50D000FAA1E /* CreateOrEditPokemonViewControllerIBActionsExtension.swift in Sources */ = {isa = PBXBuildFile; fileRef = 27361AF82020D50D000FAA1E /* CreateOrEditPokemonViewControllerIBActionsExtension.swift */; };
		27361AFB2020D553000FAA1E /* CreateOrEditPokemonViewControllerHandlerExtension.swift in Sources */ = {isa = PBXBuildFile; fileRef = 27361AFA2020D553000FAA1E /* CreateOrEditPokemonViewControllerHandlerExtension.swift */; };
		27361AFD2020D588000FAA1E /* CreateOrEditPokemonViewControllerSetupsExtension.swift in Sources */ = {isa = PBXBuildFile; fileRef = 27361AFC2020D588000FAA1E /* CreateOrEditPokemonViewControllerSetupsExtension.swift */; };
		27361AFF2020D5D7000FAA1E /* CreateOrEditPokemonViewControllerGetsExtension.swift in Sources */ = {isa = PBXBuildFile; fileRef = 27361AFE2020D5D7000FAA1E /* CreateOrEditPokemonViewControllerGetsExtension.swift */; };
		27361B012020E2F5000FAA1E /* PokemonListViewControllerUISearchBarDelegateExtension.swift in Sources */ = {isa = PBXBuildFile; fileRef = 27361B002020E2F5000FAA1E /* PokemonListViewControllerUISearchBarDelegateExtension.swift */; };
		276830B520155B250081D792 /* CreateOrEditPokemonViewController.swift in Sources */ = {isa = PBXBuildFile; fileRef = 276830B320155B250081D792 /* CreateOrEditPokemonViewController.swift */; };
		276830B620155B250081D792 /* CreateOrEditPokemonViewController.xib in Resources */ = {isa = PBXBuildFile; fileRef = 276830B420155B250081D792 /* CreateOrEditPokemonViewController.xib */; };
		276A5E662012B62C00D538F3 /* DataManagerError.swift in Sources */ = {isa = PBXBuildFile; fileRef = 276A5E652012B62C00D538F3 /* DataManagerError.swift */; };
		278C3DDF201D3AAB0056DE60 /* LoadingScreenViewModel.swift in Sources */ = {isa = PBXBuildFile; fileRef = 278C3DDE201D3AAB0056DE60 /* LoadingScreenViewModel.swift */; };
		278C3DE1201D42F80056DE60 /* NewPokemonViewModel.swift in Sources */ = {isa = PBXBuildFile; fileRef = 278C3DE0201D42F80056DE60 /* NewPokemonViewModel.swift */; };
		279712862016155200AE513D /* PokemonListViewControllerTableViewExtension.swift in Sources */ = {isa = PBXBuildFile; fileRef = 279712852016155200AE513D /* PokemonListViewControllerTableViewExtension.swift */; };
		27971288201615BC00AE513D /* PokemonListViewControllerUISearchUpdatingExtension.swift in Sources */ = {isa = PBXBuildFile; fileRef = 27971287201615BC00AE513D /* PokemonListViewControllerUISearchUpdatingExtension.swift */; };
		2797128A201615F600AE513D /* PokemonListViewControllerNetworkingExtension.swift in Sources */ = {isa = PBXBuildFile; fileRef = 27971289201615F600AE513D /* PokemonListViewControllerNetworkingExtension.swift */; };
		2797128D2016165E00AE513D /* LoadingScreenViewControllerAlertControllerExtension.swift in Sources */ = {isa = PBXBuildFile; fileRef = 2797128C2016165E00AE513D /* LoadingScreenViewControllerAlertControllerExtension.swift */; };
		279712902016393400AE513D /* PokemonDetailsViewController.swift in Sources */ = {isa = PBXBuildFile; fileRef = 2797128E2016393400AE513D /* PokemonDetailsViewController.swift */; };
		279712912016393400AE513D /* PokemonDetailsViewController.xib in Resources */ = {isa = PBXBuildFile; fileRef = 2797128F2016393400AE513D /* PokemonDetailsViewController.xib */; };
		279712932016603400AE513D /* UINavigationControllerExtension.swift in Sources */ = {isa = PBXBuildFile; fileRef = 279712922016603400AE513D /* UINavigationControllerExtension.swift */; };
		279712972016956400AE513D /* Assets.xcassets in Resources */ = {isa = PBXBuildFile; fileRef = 279712962016956300AE513D /* Assets.xcassets */; };
		279712992016B4E100AE513D /* ApiClient.swift in Sources */ = {isa = PBXBuildFile; fileRef = 279712982016B4E100AE513D /* ApiClient.swift */; };
		279F590E2014BD3B00539A91 /* Pokemon.swift in Sources */ = {isa = PBXBuildFile; fileRef = 279F590D2014BD3B00539A91 /* Pokemon.swift */; };
		279F59152014C24200539A91 /* LoadingScreenViewController.swift in Sources */ = {isa = PBXBuildFile; fileRef = 279F59132014C24200539A91 /* LoadingScreenViewController.swift */; };
		279F59162014C24200539A91 /* LoadingScreenViewController.xib in Resources */ = {isa = PBXBuildFile; fileRef = 279F59142014C24200539A91 /* LoadingScreenViewController.xib */; };
		279F591B2014F35800539A91 /* UIColorExtension.swift in Sources */ = {isa = PBXBuildFile; fileRef = 279F591A2014F35800539A91 /* UIColorExtension.swift */; };
		279F59282015233600539A91 /* PokemonCell.swift in Sources */ = {isa = PBXBuildFile; fileRef = 279F59262015233600539A91 /* PokemonCell.swift */; };
		279F59292015233600539A91 /* PokemonCell.xib in Resources */ = {isa = PBXBuildFile; fileRef = 279F59272015233600539A91 /* PokemonCell.xib */; };
		279F592C201542E600539A91 /* PokemonListViewController.swift in Sources */ = {isa = PBXBuildFile; fileRef = 279F592A201542E600539A91 /* PokemonListViewController.swift */; };
		279F592D201542E600539A91 /* PokemonListViewController.xib in Resources */ = {isa = PBXBuildFile; fileRef = 279F592B201542E600539A91 /* PokemonListViewController.xib */; };
		27BFC8F7201F98AC00E37ACF /* PokemonDetailsViewControllerNetworkingExtension.swift in Sources */ = {isa = PBXBuildFile; fileRef = 27BFC8F6201F98AC00E37ACF /* PokemonDetailsViewControllerNetworkingExtension.swift */; };
		27F5597B201CE7DE00E3FBC9 /* AppearanceConfigurations.swift in Sources */ = {isa = PBXBuildFile; fileRef = 27F5597A201CE7DE00E3FBC9 /* AppearanceConfigurations.swift */; };
		27F55980201CF3A200E3FBC9 /* NoConnectionViewController.swift in Sources */ = {isa = PBXBuildFile; fileRef = 27F5597E201CF3A200E3FBC9 /* NoConnectionViewController.swift */; };
		27F55981201CF3A200E3FBC9 /* NoConnectionViewController.xib in Resources */ = {isa = PBXBuildFile; fileRef = 27F5597F201CF3A200E3FBC9 /* NoConnectionViewController.xib */; };
		27FA73F220128FD5006D4B04 /* AppDelegate.swift in Sources */ = {isa = PBXBuildFile; fileRef = 27FA73F120128FD5006D4B04 /* AppDelegate.swift */; };
		27FA740720128FD5006D4B04 /* PokeClientTests.swift in Sources */ = {isa = PBXBuildFile; fileRef = 27FA740620128FD5006D4B04 /* PokeClientTests.swift */; };
		27FA741220128FD6006D4B04 /* PokeClientUITests.swift in Sources */ = {isa = PBXBuildFile; fileRef = 27FA741120128FD6006D4B04 /* PokeClientUITests.swift */; };
		27FA742520129060006D4B04 /* Main.storyboard in Resources */ = {isa = PBXBuildFile; fileRef = 27FA742420129060006D4B04 /* Main.storyboard */; };
		27FA7429201294A3006D4B04 /* API.swift in Sources */ = {isa = PBXBuildFile; fileRef = 27FA7428201294A3006D4B04 /* API.swift */; };
		27FA742D201295AD006D4B04 /* DataManager.swift in Sources */ = {isa = PBXBuildFile; fileRef = 27FA742C201295AD006D4B04 /* DataManager.swift */; };
		27FA742F2012AD51006D4B04 /* Status.swift in Sources */ = {isa = PBXBuildFile; fileRef = 27FA742E2012AD51006D4B04 /* Status.swift */; };
		27FF964D201DFB0700F4F17F /* PokemonDetailsViewModel.swift in Sources */ = {isa = PBXBuildFile; fileRef = 27FF964C201DFB0700F4F17F /* PokemonDetailsViewModel.swift */; };
		27FF964F201E3BD400F4F17F /* PokemonListViewModel.swift in Sources */ = {isa = PBXBuildFile; fileRef = 27FF964E201E3BD400F4F17F /* PokemonListViewModel.swift */; };
		86FE2FCBB1C904CDE36A8CA6 /* Pods_PokeClientTests.framework in Frameworks */ = {isa = PBXBuildFile; fileRef = AE5AEF8FB35B06CF096B10A2 /* Pods_PokeClientTests.framework */; };
		F19EC974DFF3FD7F1F7C5EA1 /* Pods_PokeClient.framework in Frameworks */ = {isa = PBXBuildFile; fileRef = DAC9D1C09E4513560C2EF570 /* Pods_PokeClient.framework */; };
		FD569982F68F604B4DE257E9 /* Pods_PokeClientUITests.framework in Frameworks */ = {isa = PBXBuildFile; fileRef = D4ACB2B3B9E7199DEC47A4FC /* Pods_PokeClientUITests.framework */; };
/* End PBXBuildFile section */

/* Begin PBXContainerItemProxy section */
		27FA740320128FD5006D4B04 /* PBXContainerItemProxy */ = {
			isa = PBXContainerItemProxy;
			containerPortal = 27FA73E620128FD5006D4B04 /* Project object */;
			proxyType = 1;
			remoteGlobalIDString = 27FA73ED20128FD5006D4B04;
			remoteInfo = PokeClient;
		};
		27FA740E20128FD6006D4B04 /* PBXContainerItemProxy */ = {
			isa = PBXContainerItemProxy;
			containerPortal = 27FA73E620128FD5006D4B04 /* Project object */;
			proxyType = 1;
			remoteGlobalIDString = 27FA73ED20128FD5006D4B04;
			remoteInfo = PokeClient;
		};
/* End PBXContainerItemProxy section */

/* Begin PBXFileReference section */
		2707D04320177D91003AEAE0 /* IntExtension.swift */ = {isa = PBXFileReference; lastKnownFileType = sourcecode.swift; path = IntExtension.swift; sourceTree = "<group>"; };
		27131D78201E656100786303 /* PokemonListViewControllerSetupsExtension.swift */ = {isa = PBXFileReference; lastKnownFileType = sourcecode.swift; path = PokemonListViewControllerSetupsExtension.swift; sourceTree = "<group>"; };
		27131D7A201E65A400786303 /* PokemonListViewControllerSelectorExtension.swift */ = {isa = PBXFileReference; lastKnownFileType = sourcecode.swift; path = PokemonListViewControllerSelectorExtension.swift; sourceTree = "<group>"; };
		27131D7C201E660A00786303 /* BaseViewController.swift */ = {isa = PBXFileReference; lastKnownFileType = sourcecode.swift; path = BaseViewController.swift; sourceTree = "<group>"; };
		27131D7F201E6AD100786303 /* BaseViewControllerReachabilityExtension.swift */ = {isa = PBXFileReference; lastKnownFileType = sourcecode.swift; path = BaseViewControllerReachabilityExtension.swift; sourceTree = "<group>"; };
		27131D88201E8A6700786303 /* PokemonType.swift */ = {isa = PBXFileReference; lastKnownFileType = sourcecode.swift; path = PokemonType.swift; sourceTree = "<group>"; };
		27131D8C201E971E00786303 /* CreateOrEditPokemonViewControllerPickerViewExtension.swift */ = {isa = PBXFileReference; lastKnownFileType = sourcecode.swift; path = CreateOrEditPokemonViewControllerPickerViewExtension.swift; sourceTree = "<group>"; };
		271C1480201D1DD000BCDE18 /* ReachabilityManager.swift */ = {isa = PBXFileReference; lastKnownFileType = sourcecode.swift; path = ReachabilityManager.swift; sourceTree = "<group>"; };
		27361AF62020D432000FAA1E /* FadeTransition.swift */ = {isa = PBXFileReference; lastKnownFileType = sourcecode.swift; path = FadeTransition.swift; sourceTree = "<group>"; };
		27361AF82020D50D000FAA1E /* CreateOrEditPokemonViewControllerIBActionsExtension.swift */ = {isa = PBXFileReference; lastKnownFileType = sourcecode.swift; path = CreateOrEditPokemonViewControllerIBActionsExtension.swift; sourceTree = "<group>"; };
		27361AFA2020D553000FAA1E /* CreateOrEditPokemonViewControllerHandlerExtension.swift */ = {isa = PBXFileReference; lastKnownFileType = sourcecode.swift; path = CreateOrEditPokemonViewControllerHandlerExtension.swift; sourceTree = "<group>"; };
		27361AFC2020D588000FAA1E /* CreateOrEditPokemonViewControllerSetupsExtension.swift */ = {isa = PBXFileReference; lastKnownFileType = sourcecode.swift; path = CreateOrEditPokemonViewControllerSetupsExtension.swift; sourceTree = "<group>"; };
		27361AFE2020D5D7000FAA1E /* CreateOrEditPokemonViewControllerGetsExtension.swift */ = {isa = PBXFileReference; lastKnownFileType = sourcecode.swift; path = CreateOrEditPokemonViewControllerGetsExtension.swift; sourceTree = "<group>"; };
		27361B002020E2F5000FAA1E /* PokemonListViewControllerUISearchBarDelegateExtension.swift */ = {isa = PBXFileReference; lastKnownFileType = sourcecode.swift; path = PokemonListViewControllerUISearchBarDelegateExtension.swift; sourceTree = "<group>"; };
		276830B320155B250081D792 /* CreateOrEditPokemonViewController.swift */ = {isa = PBXFileReference; lastKnownFileType = sourcecode.swift; path = CreateOrEditPokemonViewController.swift; sourceTree = "<group>"; };
		276830B420155B250081D792 /* CreateOrEditPokemonViewController.xib */ = {isa = PBXFileReference; lastKnownFileType = file.xib; path = CreateOrEditPokemonViewController.xib; sourceTree = "<group>"; };
		276A5E652012B62C00D538F3 /* DataManagerError.swift */ = {isa = PBXFileReference; lastKnownFileType = sourcecode.swift; path = DataManagerError.swift; sourceTree = "<group>"; };
		278C3DDE201D3AAB0056DE60 /* LoadingScreenViewModel.swift */ = {isa = PBXFileReference; lastKnownFileType = sourcecode.swift; path = LoadingScreenViewModel.swift; sourceTree = "<group>"; };
		278C3DE0201D42F80056DE60 /* NewPokemonViewModel.swift */ = {isa = PBXFileReference; lastKnownFileType = sourcecode.swift; path = NewPokemonViewModel.swift; sourceTree = "<group>"; };
		279712852016155200AE513D /* PokemonListViewControllerTableViewExtension.swift */ = {isa = PBXFileReference; lastKnownFileType = sourcecode.swift; path = PokemonListViewControllerTableViewExtension.swift; sourceTree = "<group>"; };
		27971287201615BC00AE513D /* PokemonListViewControllerUISearchUpdatingExtension.swift */ = {isa = PBXFileReference; lastKnownFileType = sourcecode.swift; path = PokemonListViewControllerUISearchUpdatingExtension.swift; sourceTree = "<group>"; };
		27971289201615F600AE513D /* PokemonListViewControllerNetworkingExtension.swift */ = {isa = PBXFileReference; lastKnownFileType = sourcecode.swift; path = PokemonListViewControllerNetworkingExtension.swift; sourceTree = "<group>"; };
		2797128C2016165E00AE513D /* LoadingScreenViewControllerAlertControllerExtension.swift */ = {isa = PBXFileReference; lastKnownFileType = sourcecode.swift; path = LoadingScreenViewControllerAlertControllerExtension.swift; sourceTree = "<group>"; };
		2797128E2016393400AE513D /* PokemonDetailsViewController.swift */ = {isa = PBXFileReference; lastKnownFileType = sourcecode.swift; path = PokemonDetailsViewController.swift; sourceTree = "<group>"; };
		2797128F2016393400AE513D /* PokemonDetailsViewController.xib */ = {isa = PBXFileReference; lastKnownFileType = file.xib; path = PokemonDetailsViewController.xib; sourceTree = "<group>"; };
		279712922016603400AE513D /* UINavigationControllerExtension.swift */ = {isa = PBXFileReference; lastKnownFileType = sourcecode.swift; path = UINavigationControllerExtension.swift; sourceTree = "<group>"; };
		279712962016956300AE513D /* Assets.xcassets */ = {isa = PBXFileReference; lastKnownFileType = folder.assetcatalog; path = Assets.xcassets; sourceTree = "<group>"; };
		279712982016B4E100AE513D /* ApiClient.swift */ = {isa = PBXFileReference; lastKnownFileType = sourcecode.swift; path = ApiClient.swift; sourceTree = "<group>"; };
		279F590D2014BD3B00539A91 /* Pokemon.swift */ = {isa = PBXFileReference; lastKnownFileType = sourcecode.swift; path = Pokemon.swift; sourceTree = "<group>"; };
		279F59132014C24200539A91 /* LoadingScreenViewController.swift */ = {isa = PBXFileReference; lastKnownFileType = sourcecode.swift; path = LoadingScreenViewController.swift; sourceTree = "<group>"; };
		279F59142014C24200539A91 /* LoadingScreenViewController.xib */ = {isa = PBXFileReference; lastKnownFileType = file.xib; path = LoadingScreenViewController.xib; sourceTree = "<group>"; };
		279F591A2014F35800539A91 /* UIColorExtension.swift */ = {isa = PBXFileReference; lastKnownFileType = sourcecode.swift; path = UIColorExtension.swift; sourceTree = "<group>"; };
		279F59262015233600539A91 /* PokemonCell.swift */ = {isa = PBXFileReference; lastKnownFileType = sourcecode.swift; path = PokemonCell.swift; sourceTree = "<group>"; };
		279F59272015233600539A91 /* PokemonCell.xib */ = {isa = PBXFileReference; lastKnownFileType = file.xib; path = PokemonCell.xib; sourceTree = "<group>"; };
		279F592A201542E600539A91 /* PokemonListViewController.swift */ = {isa = PBXFileReference; lastKnownFileType = sourcecode.swift; path = PokemonListViewController.swift; sourceTree = "<group>"; };
		279F592B201542E600539A91 /* PokemonListViewController.xib */ = {isa = PBXFileReference; lastKnownFileType = file.xib; path = PokemonListViewController.xib; sourceTree = "<group>"; };
		27BFC8F6201F98AC00E37ACF /* PokemonDetailsViewControllerNetworkingExtension.swift */ = {isa = PBXFileReference; lastKnownFileType = sourcecode.swift; path = PokemonDetailsViewControllerNetworkingExtension.swift; sourceTree = "<group>"; };
		27F5597A201CE7DE00E3FBC9 /* AppearanceConfigurations.swift */ = {isa = PBXFileReference; lastKnownFileType = sourcecode.swift; path = AppearanceConfigurations.swift; sourceTree = "<group>"; };
		27F5597E201CF3A200E3FBC9 /* NoConnectionViewController.swift */ = {isa = PBXFileReference; lastKnownFileType = sourcecode.swift; path = NoConnectionViewController.swift; sourceTree = "<group>"; };
		27F5597F201CF3A200E3FBC9 /* NoConnectionViewController.xib */ = {isa = PBXFileReference; lastKnownFileType = file.xib; path = NoConnectionViewController.xib; sourceTree = "<group>"; };
		27FA73EE20128FD5006D4B04 /* PokeClient.app */ = {isa = PBXFileReference; explicitFileType = wrapper.application; includeInIndex = 0; path = PokeClient.app; sourceTree = BUILT_PRODUCTS_DIR; };
		27FA73F120128FD5006D4B04 /* AppDelegate.swift */ = {isa = PBXFileReference; lastKnownFileType = sourcecode.swift; path = AppDelegate.swift; sourceTree = "<group>"; };
		27FA73FD20128FD5006D4B04 /* Info.plist */ = {isa = PBXFileReference; lastKnownFileType = text.plist.xml; path = Info.plist; sourceTree = "<group>"; };
		27FA740220128FD5006D4B04 /* PokeClientTests.xctest */ = {isa = PBXFileReference; explicitFileType = wrapper.cfbundle; includeInIndex = 0; path = PokeClientTests.xctest; sourceTree = BUILT_PRODUCTS_DIR; };
		27FA740620128FD5006D4B04 /* PokeClientTests.swift */ = {isa = PBXFileReference; lastKnownFileType = sourcecode.swift; path = PokeClientTests.swift; sourceTree = "<group>"; };
		27FA740820128FD6006D4B04 /* Info.plist */ = {isa = PBXFileReference; lastKnownFileType = text.plist.xml; path = Info.plist; sourceTree = "<group>"; };
		27FA740D20128FD6006D4B04 /* PokeClientUITests.xctest */ = {isa = PBXFileReference; explicitFileType = wrapper.cfbundle; includeInIndex = 0; path = PokeClientUITests.xctest; sourceTree = BUILT_PRODUCTS_DIR; };
		27FA741120128FD6006D4B04 /* PokeClientUITests.swift */ = {isa = PBXFileReference; lastKnownFileType = sourcecode.swift; path = PokeClientUITests.swift; sourceTree = "<group>"; };
		27FA741320128FD6006D4B04 /* Info.plist */ = {isa = PBXFileReference; lastKnownFileType = text.plist.xml; path = Info.plist; sourceTree = "<group>"; };
		27FA742420129060006D4B04 /* Main.storyboard */ = {isa = PBXFileReference; lastKnownFileType = file.storyboard; path = Main.storyboard; sourceTree = "<group>"; };
		27FA7428201294A3006D4B04 /* API.swift */ = {isa = PBXFileReference; lastKnownFileType = sourcecode.swift; path = API.swift; sourceTree = "<group>"; };
		27FA742C201295AD006D4B04 /* DataManager.swift */ = {isa = PBXFileReference; lastKnownFileType = sourcecode.swift; path = DataManager.swift; sourceTree = "<group>"; };
		27FA742E2012AD51006D4B04 /* Status.swift */ = {isa = PBXFileReference; lastKnownFileType = sourcecode.swift; path = Status.swift; sourceTree = "<group>"; };
		27FF964C201DFB0700F4F17F /* PokemonDetailsViewModel.swift */ = {isa = PBXFileReference; lastKnownFileType = sourcecode.swift; path = PokemonDetailsViewModel.swift; sourceTree = "<group>"; };
		27FF964E201E3BD400F4F17F /* PokemonListViewModel.swift */ = {isa = PBXFileReference; lastKnownFileType = sourcecode.swift; path = PokemonListViewModel.swift; sourceTree = "<group>"; };
		6C6BB99DE76C49F811EAD2CF /* Pods-PokeClientUITests.release.xcconfig */ = {isa = PBXFileReference; includeInIndex = 1; lastKnownFileType = text.xcconfig; name = "Pods-PokeClientUITests.release.xcconfig"; path = "Pods/Target Support Files/Pods-PokeClientUITests/Pods-PokeClientUITests.release.xcconfig"; sourceTree = "<group>"; };
		88BBF05DB21A5A0BB34370C2 /* Pods-PokeClient.release.xcconfig */ = {isa = PBXFileReference; includeInIndex = 1; lastKnownFileType = text.xcconfig; name = "Pods-PokeClient.release.xcconfig"; path = "Pods/Target Support Files/Pods-PokeClient/Pods-PokeClient.release.xcconfig"; sourceTree = "<group>"; };
		88CDA8C0F6AC210AE76787FC /* Pods-PokeClient.debug.xcconfig */ = {isa = PBXFileReference; includeInIndex = 1; lastKnownFileType = text.xcconfig; name = "Pods-PokeClient.debug.xcconfig"; path = "Pods/Target Support Files/Pods-PokeClient/Pods-PokeClient.debug.xcconfig"; sourceTree = "<group>"; };
		AB73EEDFFD0249488641CD3D /* Pods-PokeClientTests.debug.xcconfig */ = {isa = PBXFileReference; includeInIndex = 1; lastKnownFileType = text.xcconfig; name = "Pods-PokeClientTests.debug.xcconfig"; path = "Pods/Target Support Files/Pods-PokeClientTests/Pods-PokeClientTests.debug.xcconfig"; sourceTree = "<group>"; };
		AE5AEF8FB35B06CF096B10A2 /* Pods_PokeClientTests.framework */ = {isa = PBXFileReference; explicitFileType = wrapper.framework; includeInIndex = 0; path = Pods_PokeClientTests.framework; sourceTree = BUILT_PRODUCTS_DIR; };
		CE6A85F2CC59C82A78A65AEE /* Pods-PokeClientTests.release.xcconfig */ = {isa = PBXFileReference; includeInIndex = 1; lastKnownFileType = text.xcconfig; name = "Pods-PokeClientTests.release.xcconfig"; path = "Pods/Target Support Files/Pods-PokeClientTests/Pods-PokeClientTests.release.xcconfig"; sourceTree = "<group>"; };
		D4ACB2B3B9E7199DEC47A4FC /* Pods_PokeClientUITests.framework */ = {isa = PBXFileReference; explicitFileType = wrapper.framework; includeInIndex = 0; path = Pods_PokeClientUITests.framework; sourceTree = BUILT_PRODUCTS_DIR; };
		DAC9D1C09E4513560C2EF570 /* Pods_PokeClient.framework */ = {isa = PBXFileReference; explicitFileType = wrapper.framework; includeInIndex = 0; path = Pods_PokeClient.framework; sourceTree = BUILT_PRODUCTS_DIR; };
		EDF94C854D5E92C861D35196 /* Pods-PokeClientUITests.debug.xcconfig */ = {isa = PBXFileReference; includeInIndex = 1; lastKnownFileType = text.xcconfig; name = "Pods-PokeClientUITests.debug.xcconfig"; path = "Pods/Target Support Files/Pods-PokeClientUITests/Pods-PokeClientUITests.debug.xcconfig"; sourceTree = "<group>"; };
/* End PBXFileReference section */

/* Begin PBXFrameworksBuildPhase section */
		27FA73EB20128FD5006D4B04 /* Frameworks */ = {
			isa = PBXFrameworksBuildPhase;
			buildActionMask = 2147483647;
			files = (
				F19EC974DFF3FD7F1F7C5EA1 /* Pods_PokeClient.framework in Frameworks */,
			);
			runOnlyForDeploymentPostprocessing = 0;
		};
		27FA73FF20128FD5006D4B04 /* Frameworks */ = {
			isa = PBXFrameworksBuildPhase;
			buildActionMask = 2147483647;
			files = (
				86FE2FCBB1C904CDE36A8CA6 /* Pods_PokeClientTests.framework in Frameworks */,
			);
			runOnlyForDeploymentPostprocessing = 0;
		};
		27FA740A20128FD6006D4B04 /* Frameworks */ = {
			isa = PBXFrameworksBuildPhase;
			buildActionMask = 2147483647;
			files = (
				FD569982F68F604B4DE257E9 /* Pods_PokeClientUITests.framework in Frameworks */,
			);
			runOnlyForDeploymentPostprocessing = 0;
		};
/* End PBXFrameworksBuildPhase section */

/* Begin PBXGroup section */
		2707D04220177D83003AEAE0 /* Primitives */ = {
			isa = PBXGroup;
			children = (
				2707D04320177D91003AEAE0 /* IntExtension.swift */,
			);
			path = Primitives;
			sourceTree = "<group>";
		};
		27131D7E201E6ABE00786303 /* Base View Controller */ = {
			isa = PBXGroup;
			children = (
				27131D7F201E6AD100786303 /* BaseViewControllerReachabilityExtension.swift */,
			);
			path = "Base View Controller";
			sourceTree = "<group>";
		};
		27131D8B201E96E900786303 /* Create Or Edit Pokemon View Controller */ = {
			isa = PBXGroup;
			children = (
				27361AFE2020D5D7000FAA1E /* CreateOrEditPokemonViewControllerGetsExtension.swift */,
				27361AFA2020D553000FAA1E /* CreateOrEditPokemonViewControllerHandlerExtension.swift */,
				27361AF82020D50D000FAA1E /* CreateOrEditPokemonViewControllerIBActionsExtension.swift */,
				27131D8C201E971E00786303 /* CreateOrEditPokemonViewControllerPickerViewExtension.swift */,
				27361AFC2020D588000FAA1E /* CreateOrEditPokemonViewControllerSetupsExtension.swift */,
			);
			path = "Create Or Edit Pokemon View Controller";
			sourceTree = "<group>";
		};
		271C147F201D1DC600BCDE18 /* Protocols */ = {
			isa = PBXGroup;
			children = (
				271C1480201D1DD000BCDE18 /* ReachabilityManager.swift */,
			);
			path = Protocols;
			sourceTree = "<group>";
		};
		27361AF42020D41A000FAA1E /* Animations */ = {
			isa = PBXGroup;
			children = (
				27361AF52020D427000FAA1E /* Transitions */,
			);
			path = Animations;
			sourceTree = "<group>";
		};
		27361AF52020D427000FAA1E /* Transitions */ = {
			isa = PBXGroup;
			children = (
				27361AF62020D432000FAA1E /* FadeTransition.swift */,
			);
			path = Transitions;
			sourceTree = "<group>";
		};
		276A5E642012B61C00D538F3 /* Enums */ = {
			isa = PBXGroup;
			children = (
				276A5E652012B62C00D538F3 /* DataManagerError.swift */,
			);
			path = Enums;
			sourceTree = "<group>";
		};
		278C3DDD201D3A940056DE60 /* View Models */ = {
			isa = PBXGroup;
			children = (
				278C3DDE201D3AAB0056DE60 /* LoadingScreenViewModel.swift */,
				278C3DE0201D42F80056DE60 /* NewPokemonViewModel.swift */,
				27FF964C201DFB0700F4F17F /* PokemonDetailsViewModel.swift */,
				27FF964E201E3BD400F4F17F /* PokemonListViewModel.swift */,
			);
			path = "View Models";
			sourceTree = "<group>";
		};
		279712832016152500AE513D /* View Controllers */ = {
			isa = PBXGroup;
			children = (
				27BFC8F5201F989100E37ACF /* Pokemon Details View Controller */,
				27131D8B201E96E900786303 /* Create Or Edit Pokemon View Controller */,
				27131D7E201E6ABE00786303 /* Base View Controller */,
				2797128B2016164700AE513D /* Loading Screen View Controller */,
				279712842016152D00AE513D /* Pokemon List View Controller */,
			);
			path = "View Controllers";
			sourceTree = "<group>";
		};
		279712842016152D00AE513D /* Pokemon List View Controller */ = {
			isa = PBXGroup;
			children = (
				27971289201615F600AE513D /* PokemonListViewControllerNetworkingExtension.swift */,
				27131D7A201E65A400786303 /* PokemonListViewControllerSelectorExtension.swift */,
				27131D78201E656100786303 /* PokemonListViewControllerSetupsExtension.swift */,
				279712852016155200AE513D /* PokemonListViewControllerTableViewExtension.swift */,
				27361B002020E2F5000FAA1E /* PokemonListViewControllerUISearchBarDelegateExtension.swift */,
				27971287201615BC00AE513D /* PokemonListViewControllerUISearchUpdatingExtension.swift */,
			);
			path = "Pokemon List View Controller";
			sourceTree = "<group>";
		};
		2797128B2016164700AE513D /* Loading Screen View Controller */ = {
			isa = PBXGroup;
			children = (
				2797128C2016165E00AE513D /* LoadingScreenViewControllerAlertControllerExtension.swift */,
			);
			path = "Loading Screen View Controller";
			sourceTree = "<group>";
		};
		279712942016606C00AE513D /* Colors */ = {
			isa = PBXGroup;
			children = (
				279F591A2014F35800539A91 /* UIColorExtension.swift */,
			);
			path = Colors;
			sourceTree = "<group>";
		};
		279712952016607400AE513D /* Navigation Controllers */ = {
			isa = PBXGroup;
			children = (
				279712922016603400AE513D /* UINavigationControllerExtension.swift */,
			);
			path = "Navigation Controllers";
			sourceTree = "<group>";
		};
		279F59172014C24900539A91 /* XIBs */ = {
			isa = PBXGroup;
			children = (
				279F59242015230C00539A91 /* Cells */,
				279F5923201522F400539A91 /* View Controllers */,
			);
			path = XIBs;
			sourceTree = "<group>";
		};
		279F59182014F34100539A91 /* Extensions */ = {
			isa = PBXGroup;
			children = (
				279712942016606C00AE513D /* Colors */,
				279712952016607400AE513D /* Navigation Controllers */,
				2707D04220177D83003AEAE0 /* Primitives */,
				279712832016152500AE513D /* View Controllers */,
			);
			path = Extensions;
			sourceTree = "<group>";
		};
		279F5923201522F400539A91 /* View Controllers */ = {
			isa = PBXGroup;
			children = (
				276830B420155B250081D792 /* CreateOrEditPokemonViewController.xib */,
				279F59142014C24200539A91 /* LoadingScreenViewController.xib */,
				27F5597F201CF3A200E3FBC9 /* NoConnectionViewController.xib */,
				2797128F2016393400AE513D /* PokemonDetailsViewController.xib */,
				279F592B201542E600539A91 /* PokemonListViewController.xib */,
			);
			path = "View Controllers";
			sourceTree = "<group>";
		};
		279F59242015230C00539A91 /* Cells */ = {
			isa = PBXGroup;
			children = (
				279F59272015233600539A91 /* PokemonCell.xib */,
			);
			path = Cells;
			sourceTree = "<group>";
		};
		279F59252015231B00539A91 /* Cells */ = {
			isa = PBXGroup;
			children = (
				279F59262015233600539A91 /* PokemonCell.swift */,
			);
			path = Cells;
			sourceTree = "<group>";
		};
		27BFC8F5201F989100E37ACF /* Pokemon Details View Controller */ = {
			isa = PBXGroup;
			children = (
				27BFC8F6201F98AC00E37ACF /* PokemonDetailsViewControllerNetworkingExtension.swift */,
			);
			path = "Pokemon Details View Controller";
			sourceTree = "<group>";
		};
		27FA73E520128FD5006D4B04 = {
			isa = PBXGroup;
			children = (
				27FA73F020128FD5006D4B04 /* PokeClient */,
				27FA740520128FD5006D4B04 /* PokeClientTests */,
				27FA741020128FD6006D4B04 /* PokeClientUITests */,
				27FA73EF20128FD5006D4B04 /* Products */,
				CD253D018B0A0F5287864988 /* Pods */,
				917D662CFB8149C95CA7F148 /* Frameworks */,
			);
			sourceTree = "<group>";
		};
		27FA73EF20128FD5006D4B04 /* Products */ = {
			isa = PBXGroup;
			children = (
				27FA73EE20128FD5006D4B04 /* PokeClient.app */,
				27FA740220128FD5006D4B04 /* PokeClientTests.xctest */,
				27FA740D20128FD6006D4B04 /* PokeClientUITests.xctest */,
			);
			name = Products;
			sourceTree = "<group>";
		};
		27FA73F020128FD5006D4B04 /* PokeClient */ = {
			isa = PBXGroup;
			children = (
				27361AF42020D41A000FAA1E /* Animations */,
				27FA741F20128FDF006D4B04 /* Application Delegate */,
				279F59252015231B00539A91 /* Cells */,
				276A5E642012B61C00D538F3 /* Enums */,
				279F59182014F34100539A91 /* Extensions */,
				27FA742A201294B4006D4B04 /* Models */,
				27FA742B2012959F006D4B04 /* Networking */,
				271C147F201D1DC600BCDE18 /* Protocols */,
				27FA742220129040006D4B04 /* Resources */,
				27FA742120129038006D4B04 /* Storyboards */,
				27FA742320129046006D4B04 /* Supporting Files */,
				27FA742020129033006D4B04 /* View Controllers */,
				278C3DDD201D3A940056DE60 /* View Models */,
				279F59172014C24900539A91 /* XIBs */,
			);
			path = PokeClient;
			sourceTree = "<group>";
		};
		27FA740520128FD5006D4B04 /* PokeClientTests */ = {
			isa = PBXGroup;
			children = (
				27FA740620128FD5006D4B04 /* PokeClientTests.swift */,
				27FA740820128FD6006D4B04 /* Info.plist */,
			);
			path = PokeClientTests;
			sourceTree = "<group>";
		};
		27FA741020128FD6006D4B04 /* PokeClientUITests */ = {
			isa = PBXGroup;
			children = (
				27FA741120128FD6006D4B04 /* PokeClientUITests.swift */,
				27FA741320128FD6006D4B04 /* Info.plist */,
			);
			path = PokeClientUITests;
			sourceTree = "<group>";
		};
		27FA741F20128FDF006D4B04 /* Application Delegate */ = {
			isa = PBXGroup;
			children = (
				27FA73F120128FD5006D4B04 /* AppDelegate.swift */,
				27F5597A201CE7DE00E3FBC9 /* AppearanceConfigurations.swift */,
			);
			path = "Application Delegate";
			sourceTree = "<group>";
		};
		27FA742020129033006D4B04 /* View Controllers */ = {
			isa = PBXGroup;
			children = (
				27131D7C201E660A00786303 /* BaseViewController.swift */,
				276830B320155B250081D792 /* CreateOrEditPokemonViewController.swift */,
				279F59132014C24200539A91 /* LoadingScreenViewController.swift */,
				27F5597E201CF3A200E3FBC9 /* NoConnectionViewController.swift */,
				2797128E2016393400AE513D /* PokemonDetailsViewController.swift */,
				279F592A201542E600539A91 /* PokemonListViewController.swift */,
			);
			path = "View Controllers";
			sourceTree = "<group>";
		};
		27FA742120129038006D4B04 /* Storyboards */ = {
			isa = PBXGroup;
			children = (
				27FA742420129060006D4B04 /* Main.storyboard */,
			);
			path = Storyboards;
			sourceTree = "<group>";
		};
		27FA742220129040006D4B04 /* Resources */ = {
			isa = PBXGroup;
			children = (
				279712962016956300AE513D /* Assets.xcassets */,
			);
			path = Resources;
			sourceTree = "<group>";
		};
		27FA742320129046006D4B04 /* Supporting Files */ = {
			isa = PBXGroup;
			children = (
				27FA73FD20128FD5006D4B04 /* Info.plist */,
			);
			path = "Supporting Files";
			sourceTree = "<group>";
		};
		27FA742A201294B4006D4B04 /* Models */ = {
			isa = PBXGroup;
			children = (
				27FA7428201294A3006D4B04 /* API.swift */,
				279F590D2014BD3B00539A91 /* Pokemon.swift */,
				27FA742E2012AD51006D4B04 /* Status.swift */,
				27131D88201E8A6700786303 /* PokemonType.swift */,
			);
			path = Models;
			sourceTree = "<group>";
		};
		27FA742B2012959F006D4B04 /* Networking */ = {
			isa = PBXGroup;
			children = (
				279712982016B4E100AE513D /* ApiClient.swift */,
				27FA742C201295AD006D4B04 /* DataManager.swift */,
			);
			path = Networking;
			sourceTree = "<group>";
		};
		917D662CFB8149C95CA7F148 /* Frameworks */ = {
			isa = PBXGroup;
			children = (
				DAC9D1C09E4513560C2EF570 /* Pods_PokeClient.framework */,
				AE5AEF8FB35B06CF096B10A2 /* Pods_PokeClientTests.framework */,
				D4ACB2B3B9E7199DEC47A4FC /* Pods_PokeClientUITests.framework */,
			);
			name = Frameworks;
			sourceTree = "<group>";
		};
		CD253D018B0A0F5287864988 /* Pods */ = {
			isa = PBXGroup;
			children = (
				88CDA8C0F6AC210AE76787FC /* Pods-PokeClient.debug.xcconfig */,
				88BBF05DB21A5A0BB34370C2 /* Pods-PokeClient.release.xcconfig */,
				AB73EEDFFD0249488641CD3D /* Pods-PokeClientTests.debug.xcconfig */,
				CE6A85F2CC59C82A78A65AEE /* Pods-PokeClientTests.release.xcconfig */,
				EDF94C854D5E92C861D35196 /* Pods-PokeClientUITests.debug.xcconfig */,
				6C6BB99DE76C49F811EAD2CF /* Pods-PokeClientUITests.release.xcconfig */,
			);
			name = Pods;
			sourceTree = "<group>";
		};
/* End PBXGroup section */

/* Begin PBXNativeTarget section */
		27FA73ED20128FD5006D4B04 /* PokeClient */ = {
			isa = PBXNativeTarget;
			buildConfigurationList = 27FA741620128FD6006D4B04 /* Build configuration list for PBXNativeTarget "PokeClient" */;
			buildPhases = (
				42FE0EDDFE449FA4AFEB994B /* [CP] Check Pods Manifest.lock */,
				27FA73EA20128FD5006D4B04 /* Sources */,
				27FA73EB20128FD5006D4B04 /* Frameworks */,
				27FA73EC20128FD5006D4B04 /* Resources */,
				CFF2378E5310589C3ED2BFFB /* [CP] Embed Pods Frameworks */,
				6913CC2C9D02AF5ED90220EB /* [CP] Copy Pods Resources */,
			);
			buildRules = (
			);
			dependencies = (
			);
			name = PokeClient;
			productName = PokeClient;
			productReference = 27FA73EE20128FD5006D4B04 /* PokeClient.app */;
			productType = "com.apple.product-type.application";
		};
		27FA740120128FD5006D4B04 /* PokeClientTests */ = {
			isa = PBXNativeTarget;
			buildConfigurationList = 27FA741920128FD6006D4B04 /* Build configuration list for PBXNativeTarget "PokeClientTests" */;
			buildPhases = (
				92A6ACB602352E605315375D /* [CP] Check Pods Manifest.lock */,
				27FA73FE20128FD5006D4B04 /* Sources */,
				27FA73FF20128FD5006D4B04 /* Frameworks */,
				27FA740020128FD5006D4B04 /* Resources */,
				24B42D34D52A8F385CF99121 /* [CP] Embed Pods Frameworks */,
				FC759FE4B742F5239A6B6633 /* [CP] Copy Pods Resources */,
			);
			buildRules = (
			);
			dependencies = (
				27FA740420128FD5006D4B04 /* PBXTargetDependency */,
			);
			name = PokeClientTests;
			productName = PokeClientTests;
			productReference = 27FA740220128FD5006D4B04 /* PokeClientTests.xctest */;
			productType = "com.apple.product-type.bundle.unit-test";
		};
		27FA740C20128FD6006D4B04 /* PokeClientUITests */ = {
			isa = PBXNativeTarget;
			buildConfigurationList = 27FA741C20128FD6006D4B04 /* Build configuration list for PBXNativeTarget "PokeClientUITests" */;
			buildPhases = (
				599E0E985A1395D6EA667B40 /* [CP] Check Pods Manifest.lock */,
				27FA740920128FD6006D4B04 /* Sources */,
				27FA740A20128FD6006D4B04 /* Frameworks */,
				27FA740B20128FD6006D4B04 /* Resources */,
				0D9D31396065BB87868B5538 /* [CP] Embed Pods Frameworks */,
				4AF492039023126D21287A38 /* [CP] Copy Pods Resources */,
			);
			buildRules = (
			);
			dependencies = (
				27FA740F20128FD6006D4B04 /* PBXTargetDependency */,
			);
			name = PokeClientUITests;
			productName = PokeClientUITests;
			productReference = 27FA740D20128FD6006D4B04 /* PokeClientUITests.xctest */;
			productType = "com.apple.product-type.bundle.ui-testing";
		};
/* End PBXNativeTarget section */

/* Begin PBXProject section */
		27FA73E620128FD5006D4B04 /* Project object */ = {
			isa = PBXProject;
			attributes = {
				LastSwiftUpdateCheck = 0920;
				LastUpgradeCheck = 0920;
				ORGANIZATIONNAME = "Tiago Santos";
				TargetAttributes = {
					27FA73ED20128FD5006D4B04 = {
						CreatedOnToolsVersion = 9.2;
						ProvisioningStyle = Automatic;
					};
					27FA740120128FD5006D4B04 = {
						CreatedOnToolsVersion = 9.2;
						ProvisioningStyle = Automatic;
						TestTargetID = 27FA73ED20128FD5006D4B04;
					};
					27FA740C20128FD6006D4B04 = {
						CreatedOnToolsVersion = 9.2;
						ProvisioningStyle = Automatic;
						TestTargetID = 27FA73ED20128FD5006D4B04;
					};
				};
			};
			buildConfigurationList = 27FA73E920128FD5006D4B04 /* Build configuration list for PBXProject "PokeClient" */;
			compatibilityVersion = "Xcode 8.0";
			developmentRegion = en;
			hasScannedForEncodings = 0;
			knownRegions = (
				en,
				Base,
			);
			mainGroup = 27FA73E520128FD5006D4B04;
			productRefGroup = 27FA73EF20128FD5006D4B04 /* Products */;
			projectDirPath = "";
			projectRoot = "";
			targets = (
				27FA73ED20128FD5006D4B04 /* PokeClient */,
				27FA740120128FD5006D4B04 /* PokeClientTests */,
				27FA740C20128FD6006D4B04 /* PokeClientUITests */,
			);
		};
/* End PBXProject section */

/* Begin PBXResourcesBuildPhase section */
		27FA73EC20128FD5006D4B04 /* Resources */ = {
			isa = PBXResourcesBuildPhase;
			buildActionMask = 2147483647;
			files = (
				279F59292015233600539A91 /* PokemonCell.xib in Resources */,
				279712912016393400AE513D /* PokemonDetailsViewController.xib in Resources */,
				276830B620155B250081D792 /* CreateOrEditPokemonViewController.xib in Resources */,
				27F55981201CF3A200E3FBC9 /* NoConnectionViewController.xib in Resources */,
				279F59162014C24200539A91 /* LoadingScreenViewController.xib in Resources */,
				279712972016956400AE513D /* Assets.xcassets in Resources */,
				27FA742520129060006D4B04 /* Main.storyboard in Resources */,
				279F592D201542E600539A91 /* PokemonListViewController.xib in Resources */,
			);
			runOnlyForDeploymentPostprocessing = 0;
		};
		27FA740020128FD5006D4B04 /* Resources */ = {
			isa = PBXResourcesBuildPhase;
			buildActionMask = 2147483647;
			files = (
			);
			runOnlyForDeploymentPostprocessing = 0;
		};
		27FA740B20128FD6006D4B04 /* Resources */ = {
			isa = PBXResourcesBuildPhase;
			buildActionMask = 2147483647;
			files = (
			);
			runOnlyForDeploymentPostprocessing = 0;
		};
/* End PBXResourcesBuildPhase section */

/* Begin PBXShellScriptBuildPhase section */
		0D9D31396065BB87868B5538 /* [CP] Embed Pods Frameworks */ = {
			isa = PBXShellScriptBuildPhase;
			buildActionMask = 2147483647;
			files = (
			);
			inputPaths = (
			);
			name = "[CP] Embed Pods Frameworks";
			outputPaths = (
			);
			runOnlyForDeploymentPostprocessing = 0;
			shellPath = /bin/sh;
			shellScript = "\"${SRCROOT}/Pods/Target Support Files/Pods-PokeClientUITests/Pods-PokeClientUITests-frameworks.sh\"\n";
			showEnvVarsInLog = 0;
		};
		24B42D34D52A8F385CF99121 /* [CP] Embed Pods Frameworks */ = {
			isa = PBXShellScriptBuildPhase;
			buildActionMask = 2147483647;
			files = (
			);
			inputPaths = (
			);
			name = "[CP] Embed Pods Frameworks";
			outputPaths = (
			);
			runOnlyForDeploymentPostprocessing = 0;
			shellPath = /bin/sh;
			shellScript = "\"${SRCROOT}/Pods/Target Support Files/Pods-PokeClientTests/Pods-PokeClientTests-frameworks.sh\"\n";
			showEnvVarsInLog = 0;
		};
		42FE0EDDFE449FA4AFEB994B /* [CP] Check Pods Manifest.lock */ = {
			isa = PBXShellScriptBuildPhase;
			buildActionMask = 2147483647;
			files = (
			);
			inputPaths = (
				"${PODS_PODFILE_DIR_PATH}/Podfile.lock",
				"${PODS_ROOT}/Manifest.lock",
			);
			name = "[CP] Check Pods Manifest.lock";
			outputPaths = (
				"$(DERIVED_FILE_DIR)/Pods-PokeClient-checkManifestLockResult.txt",
			);
			runOnlyForDeploymentPostprocessing = 0;
			shellPath = /bin/sh;
			shellScript = "diff \"${PODS_PODFILE_DIR_PATH}/Podfile.lock\" \"${PODS_ROOT}/Manifest.lock\" > /dev/null\nif [ $? != 0 ] ; then\n    # print error to STDERR\n    echo \"error: The sandbox is not in sync with the Podfile.lock. Run 'pod install' or update your CocoaPods installation.\" >&2\n    exit 1\nfi\n# This output is used by Xcode 'outputs' to avoid re-running this script phase.\necho \"SUCCESS\" > \"${SCRIPT_OUTPUT_FILE_0}\"\n";
			showEnvVarsInLog = 0;
		};
		4AF492039023126D21287A38 /* [CP] Copy Pods Resources */ = {
			isa = PBXShellScriptBuildPhase;
			buildActionMask = 2147483647;
			files = (
			);
			inputPaths = (
			);
			name = "[CP] Copy Pods Resources";
			outputPaths = (
			);
			runOnlyForDeploymentPostprocessing = 0;
			shellPath = /bin/sh;
			shellScript = "\"${SRCROOT}/Pods/Target Support Files/Pods-PokeClientUITests/Pods-PokeClientUITests-resources.sh\"\n";
			showEnvVarsInLog = 0;
		};
		599E0E985A1395D6EA667B40 /* [CP] Check Pods Manifest.lock */ = {
			isa = PBXShellScriptBuildPhase;
			buildActionMask = 2147483647;
			files = (
			);
			inputPaths = (
				"${PODS_PODFILE_DIR_PATH}/Podfile.lock",
				"${PODS_ROOT}/Manifest.lock",
			);
			name = "[CP] Check Pods Manifest.lock";
			outputPaths = (
				"$(DERIVED_FILE_DIR)/Pods-PokeClientUITests-checkManifestLockResult.txt",
			);
			runOnlyForDeploymentPostprocessing = 0;
			shellPath = /bin/sh;
			shellScript = "diff \"${PODS_PODFILE_DIR_PATH}/Podfile.lock\" \"${PODS_ROOT}/Manifest.lock\" > /dev/null\nif [ $? != 0 ] ; then\n    # print error to STDERR\n    echo \"error: The sandbox is not in sync with the Podfile.lock. Run 'pod install' or update your CocoaPods installation.\" >&2\n    exit 1\nfi\n# This output is used by Xcode 'outputs' to avoid re-running this script phase.\necho \"SUCCESS\" > \"${SCRIPT_OUTPUT_FILE_0}\"\n";
			showEnvVarsInLog = 0;
		};
		6913CC2C9D02AF5ED90220EB /* [CP] Copy Pods Resources */ = {
			isa = PBXShellScriptBuildPhase;
			buildActionMask = 2147483647;
			files = (
			);
			inputPaths = (
			);
			name = "[CP] Copy Pods Resources";
			outputPaths = (
			);
			runOnlyForDeploymentPostprocessing = 0;
			shellPath = /bin/sh;
			shellScript = "\"${SRCROOT}/Pods/Target Support Files/Pods-PokeClient/Pods-PokeClient-resources.sh\"\n";
			showEnvVarsInLog = 0;
		};
		92A6ACB602352E605315375D /* [CP] Check Pods Manifest.lock */ = {
			isa = PBXShellScriptBuildPhase;
			buildActionMask = 2147483647;
			files = (
			);
			inputPaths = (
				"${PODS_PODFILE_DIR_PATH}/Podfile.lock",
				"${PODS_ROOT}/Manifest.lock",
			);
			name = "[CP] Check Pods Manifest.lock";
			outputPaths = (
				"$(DERIVED_FILE_DIR)/Pods-PokeClientTests-checkManifestLockResult.txt",
			);
			runOnlyForDeploymentPostprocessing = 0;
			shellPath = /bin/sh;
			shellScript = "diff \"${PODS_PODFILE_DIR_PATH}/Podfile.lock\" \"${PODS_ROOT}/Manifest.lock\" > /dev/null\nif [ $? != 0 ] ; then\n    # print error to STDERR\n    echo \"error: The sandbox is not in sync with the Podfile.lock. Run 'pod install' or update your CocoaPods installation.\" >&2\n    exit 1\nfi\n# This output is used by Xcode 'outputs' to avoid re-running this script phase.\necho \"SUCCESS\" > \"${SCRIPT_OUTPUT_FILE_0}\"\n";
			showEnvVarsInLog = 0;
		};
		CFF2378E5310589C3ED2BFFB /* [CP] Embed Pods Frameworks */ = {
			isa = PBXShellScriptBuildPhase;
			buildActionMask = 2147483647;
			files = (
			);
			inputPaths = (
				"${SRCROOT}/Pods/Target Support Files/Pods-PokeClient/Pods-PokeClient-frameworks.sh",
				"${BUILT_PRODUCTS_DIR}/ReachabilitySwift/Reachability.framework",
			);
			name = "[CP] Embed Pods Frameworks";
			outputPaths = (
				"${TARGET_BUILD_DIR}/${FRAMEWORKS_FOLDER_PATH}/Reachability.framework",
			);
			runOnlyForDeploymentPostprocessing = 0;
			shellPath = /bin/sh;
			shellScript = "\"${SRCROOT}/Pods/Target Support Files/Pods-PokeClient/Pods-PokeClient-frameworks.sh\"\n";
			showEnvVarsInLog = 0;
		};
		FC759FE4B742F5239A6B6633 /* [CP] Copy Pods Resources */ = {
			isa = PBXShellScriptBuildPhase;
			buildActionMask = 2147483647;
			files = (
			);
			inputPaths = (
			);
			name = "[CP] Copy Pods Resources";
			outputPaths = (
			);
			runOnlyForDeploymentPostprocessing = 0;
			shellPath = /bin/sh;
			shellScript = "\"${SRCROOT}/Pods/Target Support Files/Pods-PokeClientTests/Pods-PokeClientTests-resources.sh\"\n";
			showEnvVarsInLog = 0;
		};
/* End PBXShellScriptBuildPhase section */

/* Begin PBXSourcesBuildPhase section */
		27FA73EA20128FD5006D4B04 /* Sources */ = {
			isa = PBXSourcesBuildPhase;
			buildActionMask = 2147483647;
			files = (
				279F590E2014BD3B00539A91 /* Pokemon.swift in Sources */,
				27FA742F2012AD51006D4B04 /* Status.swift in Sources */,
				279712932016603400AE513D /* UINavigationControllerExtension.swift in Sources */,
				279F591B2014F35800539A91 /* UIColorExtension.swift in Sources */,
				27131D8D201E971E00786303 /* CreateOrEditPokemonViewControllerPickerViewExtension.swift in Sources */,
				279F59152014C24200539A91 /* LoadingScreenViewController.swift in Sources */,
				27361AFD2020D588000FAA1E /* CreateOrEditPokemonViewControllerSetupsExtension.swift in Sources */,
				27F55980201CF3A200E3FBC9 /* NoConnectionViewController.swift in Sources */,
				279712862016155200AE513D /* PokemonListViewControllerTableViewExtension.swift in Sources */,
				27131D89201E8A6700786303 /* PokemonType.swift in Sources */,
				279F59282015233600539A91 /* PokemonCell.swift in Sources */,
				27131D79201E656100786303 /* PokemonListViewControllerSetupsExtension.swift in Sources */,
				27361B012020E2F5000FAA1E /* PokemonListViewControllerUISearchBarDelegateExtension.swift in Sources */,
				27FA742D201295AD006D4B04 /* DataManager.swift in Sources */,
				279712902016393400AE513D /* PokemonDetailsViewController.swift in Sources */,
				27131D7D201E660A00786303 /* BaseViewController.swift in Sources */,
				271C1481201D1DD000BCDE18 /* ReachabilityManager.swift in Sources */,
				276A5E662012B62C00D538F3 /* DataManagerError.swift in Sources */,
				2707D04420177D91003AEAE0 /* IntExtension.swift in Sources */,
				2797128A201615F600AE513D /* PokemonListViewControllerNetworkingExtension.swift in Sources */,
				279712992016B4E100AE513D /* ApiClient.swift in Sources */,
				276830B520155B250081D792 /* CreateOrEditPokemonViewController.swift in Sources */,
				27971288201615BC00AE513D /* PokemonListViewControllerUISearchUpdatingExtension.swift in Sources */,
				278C3DDF201D3AAB0056DE60 /* LoadingScreenViewModel.swift in Sources */,
				27131D7B201E65A400786303 /* PokemonListViewControllerSelectorExtension.swift in Sources */,
				27F5597B201CE7DE00E3FBC9 /* AppearanceConfigurations.swift in Sources */,
				27FA7429201294A3006D4B04 /* API.swift in Sources */,
				27361AFF2020D5D7000FAA1E /* CreateOrEditPokemonViewControllerGetsExtension.swift in Sources */,
				279F592C201542E600539A91 /* PokemonListViewController.swift in Sources */,
				27361AF72020D432000FAA1E /* FadeTransition.swift in Sources */,
				27FF964D201DFB0700F4F17F /* PokemonDetailsViewModel.swift in Sources */,
				27361AFB2020D553000FAA1E /* CreateOrEditPokemonViewControllerHandlerExtension.swift in Sources */,
				27BFC8F7201F98AC00E37ACF /* PokemonDetailsViewControllerNetworkingExtension.swift in Sources */,
				27361AF92020D50D000FAA1E /* CreateOrEditPokemonViewControllerIBActionsExtension.swift in Sources */,
				27FA73F220128FD5006D4B04 /* AppDelegate.swift in Sources */,
				27FF964F201E3BD400F4F17F /* PokemonListViewModel.swift in Sources */,
				278C3DE1201D42F80056DE60 /* NewPokemonViewModel.swift in Sources */,
				27131D80201E6AD100786303 /* BaseViewControllerReachabilityExtension.swift in Sources */,
				2797128D2016165E00AE513D /* LoadingScreenViewControllerAlertControllerExtension.swift in Sources */,
			);
			runOnlyForDeploymentPostprocessing = 0;
		};
		27FA73FE20128FD5006D4B04 /* Sources */ = {
			isa = PBXSourcesBuildPhase;
			buildActionMask = 2147483647;
			files = (
				27FA740720128FD5006D4B04 /* PokeClientTests.swift in Sources */,
			);
			runOnlyForDeploymentPostprocessing = 0;
		};
		27FA740920128FD6006D4B04 /* Sources */ = {
			isa = PBXSourcesBuildPhase;
			buildActionMask = 2147483647;
			files = (
				27FA741220128FD6006D4B04 /* PokeClientUITests.swift in Sources */,
			);
			runOnlyForDeploymentPostprocessing = 0;
		};
/* End PBXSourcesBuildPhase section */

/* Begin PBXTargetDependency section */
		27FA740420128FD5006D4B04 /* PBXTargetDependency */ = {
			isa = PBXTargetDependency;
			target = 27FA73ED20128FD5006D4B04 /* PokeClient */;
			targetProxy = 27FA740320128FD5006D4B04 /* PBXContainerItemProxy */;
		};
		27FA740F20128FD6006D4B04 /* PBXTargetDependency */ = {
			isa = PBXTargetDependency;
			target = 27FA73ED20128FD5006D4B04 /* PokeClient */;
			targetProxy = 27FA740E20128FD6006D4B04 /* PBXContainerItemProxy */;
		};
/* End PBXTargetDependency section */

/* Begin XCBuildConfiguration section */
		27FA741420128FD6006D4B04 /* Debug */ = {
			isa = XCBuildConfiguration;
			buildSettings = {
				ALWAYS_SEARCH_USER_PATHS = NO;
				CLANG_ANALYZER_NONNULL = YES;
				CLANG_ANALYZER_NUMBER_OBJECT_CONVERSION = YES_AGGRESSIVE;
				CLANG_CXX_LANGUAGE_STANDARD = "gnu++14";
				CLANG_CXX_LIBRARY = "libc++";
				CLANG_ENABLE_MODULES = YES;
				CLANG_ENABLE_OBJC_ARC = YES;
				CLANG_WARN_BLOCK_CAPTURE_AUTORELEASING = YES;
				CLANG_WARN_BOOL_CONVERSION = YES;
				CLANG_WARN_COMMA = YES;
				CLANG_WARN_CONSTANT_CONVERSION = YES;
				CLANG_WARN_DIRECT_OBJC_ISA_USAGE = YES_ERROR;
				CLANG_WARN_DOCUMENTATION_COMMENTS = YES;
				CLANG_WARN_EMPTY_BODY = YES;
				CLANG_WARN_ENUM_CONVERSION = YES;
				CLANG_WARN_INFINITE_RECURSION = YES;
				CLANG_WARN_INT_CONVERSION = YES;
				CLANG_WARN_NON_LITERAL_NULL_CONVERSION = YES;
				CLANG_WARN_OBJC_LITERAL_CONVERSION = YES;
				CLANG_WARN_OBJC_ROOT_CLASS = YES_ERROR;
				CLANG_WARN_RANGE_LOOP_ANALYSIS = YES;
				CLANG_WARN_STRICT_PROTOTYPES = YES;
				CLANG_WARN_SUSPICIOUS_MOVE = YES;
				CLANG_WARN_UNGUARDED_AVAILABILITY = YES_AGGRESSIVE;
				CLANG_WARN_UNREACHABLE_CODE = YES;
				CLANG_WARN__DUPLICATE_METHOD_MATCH = YES;
				CODE_SIGN_IDENTITY = "iPhone Developer";
				COPY_PHASE_STRIP = NO;
				DEBUG_INFORMATION_FORMAT = dwarf;
				ENABLE_STRICT_OBJC_MSGSEND = YES;
				ENABLE_TESTABILITY = YES;
				GCC_C_LANGUAGE_STANDARD = gnu11;
				GCC_DYNAMIC_NO_PIC = NO;
				GCC_NO_COMMON_BLOCKS = YES;
				GCC_OPTIMIZATION_LEVEL = 0;
				GCC_PREPROCESSOR_DEFINITIONS = (
					"DEBUG=1",
					"$(inherited)",
				);
				GCC_WARN_64_TO_32_BIT_CONVERSION = YES;
				GCC_WARN_ABOUT_RETURN_TYPE = YES_ERROR;
				GCC_WARN_UNDECLARED_SELECTOR = YES;
				GCC_WARN_UNINITIALIZED_AUTOS = YES_AGGRESSIVE;
				GCC_WARN_UNUSED_FUNCTION = YES;
				GCC_WARN_UNUSED_VARIABLE = YES;
				IPHONEOS_DEPLOYMENT_TARGET = 11.2;
				MTL_ENABLE_DEBUG_INFO = YES;
				ONLY_ACTIVE_ARCH = YES;
				SDKROOT = iphoneos;
				SWIFT_ACTIVE_COMPILATION_CONDITIONS = DEBUG;
				SWIFT_OPTIMIZATION_LEVEL = "-Onone";
			};
			name = Debug;
		};
		27FA741520128FD6006D4B04 /* Release */ = {
			isa = XCBuildConfiguration;
			buildSettings = {
				ALWAYS_SEARCH_USER_PATHS = NO;
				CLANG_ANALYZER_NONNULL = YES;
				CLANG_ANALYZER_NUMBER_OBJECT_CONVERSION = YES_AGGRESSIVE;
				CLANG_CXX_LANGUAGE_STANDARD = "gnu++14";
				CLANG_CXX_LIBRARY = "libc++";
				CLANG_ENABLE_MODULES = YES;
				CLANG_ENABLE_OBJC_ARC = YES;
				CLANG_WARN_BLOCK_CAPTURE_AUTORELEASING = YES;
				CLANG_WARN_BOOL_CONVERSION = YES;
				CLANG_WARN_COMMA = YES;
				CLANG_WARN_CONSTANT_CONVERSION = YES;
				CLANG_WARN_DIRECT_OBJC_ISA_USAGE = YES_ERROR;
				CLANG_WARN_DOCUMENTATION_COMMENTS = YES;
				CLANG_WARN_EMPTY_BODY = YES;
				CLANG_WARN_ENUM_CONVERSION = YES;
				CLANG_WARN_INFINITE_RECURSION = YES;
				CLANG_WARN_INT_CONVERSION = YES;
				CLANG_WARN_NON_LITERAL_NULL_CONVERSION = YES;
				CLANG_WARN_OBJC_LITERAL_CONVERSION = YES;
				CLANG_WARN_OBJC_ROOT_CLASS = YES_ERROR;
				CLANG_WARN_RANGE_LOOP_ANALYSIS = YES;
				CLANG_WARN_STRICT_PROTOTYPES = YES;
				CLANG_WARN_SUSPICIOUS_MOVE = YES;
				CLANG_WARN_UNGUARDED_AVAILABILITY = YES_AGGRESSIVE;
				CLANG_WARN_UNREACHABLE_CODE = YES;
				CLANG_WARN__DUPLICATE_METHOD_MATCH = YES;
				CODE_SIGN_IDENTITY = "iPhone Developer";
				COPY_PHASE_STRIP = NO;
				DEBUG_INFORMATION_FORMAT = "dwarf-with-dsym";
				ENABLE_NS_ASSERTIONS = NO;
				ENABLE_STRICT_OBJC_MSGSEND = YES;
				GCC_C_LANGUAGE_STANDARD = gnu11;
				GCC_NO_COMMON_BLOCKS = YES;
				GCC_WARN_64_TO_32_BIT_CONVERSION = YES;
				GCC_WARN_ABOUT_RETURN_TYPE = YES_ERROR;
				GCC_WARN_UNDECLARED_SELECTOR = YES;
				GCC_WARN_UNINITIALIZED_AUTOS = YES_AGGRESSIVE;
				GCC_WARN_UNUSED_FUNCTION = YES;
				GCC_WARN_UNUSED_VARIABLE = YES;
				IPHONEOS_DEPLOYMENT_TARGET = 11.2;
				MTL_ENABLE_DEBUG_INFO = NO;
				SDKROOT = iphoneos;
				SWIFT_OPTIMIZATION_LEVEL = "-Owholemodule";
				VALIDATE_PRODUCT = YES;
			};
			name = Release;
		};
		27FA741720128FD6006D4B04 /* Debug */ = {
			isa = XCBuildConfiguration;
			baseConfigurationReference = 88CDA8C0F6AC210AE76787FC /* Pods-PokeClient.debug.xcconfig */;
			buildSettings = {
				ASSETCATALOG_COMPILER_APPICON_NAME = appicon;
				CODE_SIGN_STYLE = Automatic;
				DEVELOPMENT_TEAM = 64E8842TP6;
				INFOPLIST_FILE = "$(SRCROOT)/PokeClient/Supporting Files/Info.plist";
				LD_RUNPATH_SEARCH_PATHS = "$(inherited) @executable_path/Frameworks";
				PRODUCT_BUNDLE_IDENTIFIER = "Tiago-Santos.PokeClient";
				PRODUCT_NAME = "$(TARGET_NAME)";
				SWIFT_VERSION = 4.0;
				TARGETED_DEVICE_FAMILY = "1,2";
			};
			name = Debug;
		};
		27FA741820128FD6006D4B04 /* Release */ = {
			isa = XCBuildConfiguration;
			baseConfigurationReference = 88BBF05DB21A5A0BB34370C2 /* Pods-PokeClient.release.xcconfig */;
			buildSettings = {
				ASSETCATALOG_COMPILER_APPICON_NAME = appicon;
				CODE_SIGN_STYLE = Automatic;
				DEVELOPMENT_TEAM = 64E8842TP6;
				INFOPLIST_FILE = "$(SRCROOT)/PokeClient/Supporting Files/Info.plist";
				LD_RUNPATH_SEARCH_PATHS = "$(inherited) @executable_path/Frameworks";
				PRODUCT_BUNDLE_IDENTIFIER = "Tiago-Santos.PokeClient";
				PRODUCT_NAME = "$(TARGET_NAME)";
				SWIFT_VERSION = 4.0;
				TARGETED_DEVICE_FAMILY = "1,2";
			};
			name = Release;
		};
		27FA741A20128FD6006D4B04 /* Debug */ = {
			isa = XCBuildConfiguration;
			baseConfigurationReference = AB73EEDFFD0249488641CD3D /* Pods-PokeClientTests.debug.xcconfig */;
			buildSettings = {
				ALWAYS_EMBED_SWIFT_STANDARD_LIBRARIES = YES;
				BUNDLE_LOADER = "$(TEST_HOST)";
				CODE_SIGN_STYLE = Automatic;
				DEVELOPMENT_TEAM = 64E8842TP6;
				INFOPLIST_FILE = PokeClientTests/Info.plist;
				LD_RUNPATH_SEARCH_PATHS = "$(inherited) @executable_path/Frameworks @loader_path/Frameworks";
				PRODUCT_BUNDLE_IDENTIFIER = "Tiago-Santos.PokeClientTests";
				PRODUCT_NAME = "$(TARGET_NAME)";
				SWIFT_VERSION = 4.0;
				TARGETED_DEVICE_FAMILY = "1,2";
				TEST_HOST = "$(BUILT_PRODUCTS_DIR)/PokeClient.app/PokeClient";
			};
			name = Debug;
		};
		27FA741B20128FD6006D4B04 /* Release */ = {
			isa = XCBuildConfiguration;
			baseConfigurationReference = CE6A85F2CC59C82A78A65AEE /* Pods-PokeClientTests.release.xcconfig */;
			buildSettings = {
				ALWAYS_EMBED_SWIFT_STANDARD_LIBRARIES = YES;
				BUNDLE_LOADER = "$(TEST_HOST)";
				CODE_SIGN_STYLE = Automatic;
				DEVELOPMENT_TEAM = 64E8842TP6;
				INFOPLIST_FILE = PokeClientTests/Info.plist;
				LD_RUNPATH_SEARCH_PATHS = "$(inherited) @executable_path/Frameworks @loader_path/Frameworks";
				PRODUCT_BUNDLE_IDENTIFIER = "Tiago-Santos.PokeClientTests";
				PRODUCT_NAME = "$(TARGET_NAME)";
				SWIFT_VERSION = 4.0;
				TARGETED_DEVICE_FAMILY = "1,2";
				TEST_HOST = "$(BUILT_PRODUCTS_DIR)/PokeClient.app/PokeClient";
			};
			name = Release;
		};
		27FA741D20128FD6006D4B04 /* Debug */ = {
			isa = XCBuildConfiguration;
			baseConfigurationReference = EDF94C854D5E92C861D35196 /* Pods-PokeClientUITests.debug.xcconfig */;
			buildSettings = {
				ALWAYS_EMBED_SWIFT_STANDARD_LIBRARIES = YES;
				CODE_SIGN_STYLE = Automatic;
				DEVELOPMENT_TEAM = 64E8842TP6;
				INFOPLIST_FILE = PokeClientUITests/Info.plist;
				LD_RUNPATH_SEARCH_PATHS = "$(inherited) @executable_path/Frameworks @loader_path/Frameworks";
				PRODUCT_BUNDLE_IDENTIFIER = "Tiago-Santos.PokeClientUITests";
				PRODUCT_NAME = "$(TARGET_NAME)";
				SWIFT_VERSION = 4.0;
				TARGETED_DEVICE_FAMILY = "1,2";
				TEST_TARGET_NAME = PokeClient;
			};
			name = Debug;
		};
		27FA741E20128FD6006D4B04 /* Release */ = {
			isa = XCBuildConfiguration;
			baseConfigurationReference = 6C6BB99DE76C49F811EAD2CF /* Pods-PokeClientUITests.release.xcconfig */;
			buildSettings = {
				ALWAYS_EMBED_SWIFT_STANDARD_LIBRARIES = YES;
				CODE_SIGN_STYLE = Automatic;
				DEVELOPMENT_TEAM = 64E8842TP6;
				INFOPLIST_FILE = PokeClientUITests/Info.plist;
				LD_RUNPATH_SEARCH_PATHS = "$(inherited) @executable_path/Frameworks @loader_path/Frameworks";
				PRODUCT_BUNDLE_IDENTIFIER = "Tiago-Santos.PokeClientUITests";
				PRODUCT_NAME = "$(TARGET_NAME)";
				SWIFT_VERSION = 4.0;
				TARGETED_DEVICE_FAMILY = "1,2";
				TEST_TARGET_NAME = PokeClient;
			};
			name = Release;
		};
/* End XCBuildConfiguration section */

/* Begin XCConfigurationList section */
		27FA73E920128FD5006D4B04 /* Build configuration list for PBXProject "PokeClient" */ = {
			isa = XCConfigurationList;
			buildConfigurations = (
				27FA741420128FD6006D4B04 /* Debug */,
				27FA741520128FD6006D4B04 /* Release */,
			);
			defaultConfigurationIsVisible = 0;
			defaultConfigurationName = Release;
		};
		27FA741620128FD6006D4B04 /* Build configuration list for PBXNativeTarget "PokeClient" */ = {
			isa = XCConfigurationList;
			buildConfigurations = (
				27FA741720128FD6006D4B04 /* Debug */,
				27FA741820128FD6006D4B04 /* Release */,
			);
			defaultConfigurationIsVisible = 0;
			defaultConfigurationName = Release;
		};
		27FA741920128FD6006D4B04 /* Build configuration list for PBXNativeTarget "PokeClientTests" */ = {
			isa = XCConfigurationList;
			buildConfigurations = (
				27FA741A20128FD6006D4B04 /* Debug */,
				27FA741B20128FD6006D4B04 /* Release */,
			);
			defaultConfigurationIsVisible = 0;
			defaultConfigurationName = Release;
		};
		27FA741C20128FD6006D4B04 /* Build configuration list for PBXNativeTarget "PokeClientUITests" */ = {
			isa = XCConfigurationList;
			buildConfigurations = (
				27FA741D20128FD6006D4B04 /* Debug */,
				27FA741E20128FD6006D4B04 /* Release */,
			);
			defaultConfigurationIsVisible = 0;
			defaultConfigurationName = Release;
		};
/* End XCConfigurationList section */
	};
	rootObject = 27FA73E620128FD5006D4B04 /* Project object */;
}
