// !$*UTF8*$!
{
	archiveVersion = 1;
	classes = {
	};
	objectVersion = 48;
	objects = {

/* Begin PBXBuildFile section */
		27FA73F220128FD5006D4B04 /* AppDelegate.swift in Sources */ = {isa = PBXBuildFile; fileRef = 27FA73F120128FD5006D4B04 /* AppDelegate.swift */; };
		27FA73F420128FD5006D4B04 /* ViewController.swift in Sources */ = {isa = PBXBuildFile; fileRef = 27FA73F320128FD5006D4B04 /* ViewController.swift */; };
		27FA73F720128FD5006D4B04 /* Main.storyboard in Resources */ = {isa = PBXBuildFile; fileRef = 27FA73F520128FD5006D4B04 /* Main.storyboard */; };
		27FA73F920128FD5006D4B04 /* Assets.xcassets in Resources */ = {isa = PBXBuildFile; fileRef = 27FA73F820128FD5006D4B04 /* Assets.xcassets */; };
		27FA73FC20128FD5006D4B04 /* LaunchScreen.storyboard in Resources */ = {isa = PBXBuildFile; fileRef = 27FA73FA20128FD5006D4B04 /* LaunchScreen.storyboard */; };
		27FA740720128FD5006D4B04 /* PokeClientTests.swift in Sources */ = {isa = PBXBuildFile; fileRef = 27FA740620128FD5006D4B04 /* PokeClientTests.swift */; };
		27FA741220128FD6006D4B04 /* PokeClientUITests.swift in Sources */ = {isa = PBXBuildFile; fileRef = 27FA741120128FD6006D4B04 /* PokeClientUITests.swift */; };
/* End PBXBuildFile section */

/* Begin PBXContainerItemProxy section */
		27FA740320128FD5006D4B04 /* PBXContainerItemProxy */ = {
			isa = PBXContainerItemProxy;
			containerPortal = 27FA73E620128FD5006D4B04 /* Project object */;
			proxyType = 1;
			remoteGlobalIDString = 27FA73ED20128FD5006D4B04;
			remoteInfo = PokeClient;
		};
		27FA740E20128FD6006D4B04 /* PBXContainerItemProxy */ = {
			isa = PBXContainerItemProxy;
			containerPortal = 27FA73E620128FD5006D4B04 /* Project object */;
			proxyType = 1;
			remoteGlobalIDString = 27FA73ED20128FD5006D4B04;
			remoteInfo = PokeClient;
		};
/* End PBXContainerItemProxy section */

/* Begin PBXFileReference section */
		27FA73EE20128FD5006D4B04 /* PokeClient.app */ = {isa = PBXFileReference; explicitFileType = wrapper.application; includeInIndex = 0; path = PokeClient.app; sourceTree = BUILT_PRODUCTS_DIR; };
		27FA73F120128FD5006D4B04 /* AppDelegate.swift */ = {isa = PBXFileReference; lastKnownFileType = sourcecode.swift; path = AppDelegate.swift; sourceTree = "<group>"; };
		27FA73F320128FD5006D4B04 /* ViewController.swift */ = {isa = PBXFileReference; lastKnownFileType = sourcecode.swift; path = ViewController.swift; sourceTree = "<group>"; };
		27FA73F620128FD5006D4B04 /* Base */ = {isa = PBXFileReference; lastKnownFileType = file.storyboard; name = Base; path = Base.lproj/Main.storyboard; sourceTree = "<group>"; };
		27FA73F820128FD5006D4B04 /* Assets.xcassets */ = {isa = PBXFileReference; lastKnownFileType = folder.assetcatalog; path = Assets.xcassets; sourceTree = "<group>"; };
		27FA73FB20128FD5006D4B04 /* Base */ = {isa = PBXFileReference; lastKnownFileType = file.storyboard; name = Base; path = Base.lproj/LaunchScreen.storyboard; sourceTree = "<group>"; };
		27FA73FD20128FD5006D4B04 /* Info.plist */ = {isa = PBXFileReference; lastKnownFileType = text.plist.xml; path = Info.plist; sourceTree = "<group>"; };
		27FA740220128FD5006D4B04 /* PokeClientTests.xctest */ = {isa = PBXFileReference; explicitFileType = wrapper.cfbundle; includeInIndex = 0; path = PokeClientTests.xctest; sourceTree = BUILT_PRODUCTS_DIR; };
		27FA740620128FD5006D4B04 /* PokeClientTests.swift */ = {isa = PBXFileReference; lastKnownFileType = sourcecode.swift; path = PokeClientTests.swift; sourceTree = "<group>"; };
		27FA740820128FD6006D4B04 /* Info.plist */ = {isa = PBXFileReference; lastKnownFileType = text.plist.xml; path = Info.plist; sourceTree = "<group>"; };
		27FA740D20128FD6006D4B04 /* PokeClientUITests.xctest */ = {isa = PBXFileReference; explicitFileType = wrapper.cfbundle; includeInIndex = 0; path = PokeClientUITests.xctest; sourceTree = BUILT_PRODUCTS_DIR; };
		27FA741120128FD6006D4B04 /* PokeClientUITests.swift */ = {isa = PBXFileReference; lastKnownFileType = sourcecode.swift; path = PokeClientUITests.swift; sourceTree = "<group>"; };
		27FA741320128FD6006D4B04 /* Info.plist */ = {isa = PBXFileReference; lastKnownFileType = text.plist.xml; path = Info.plist; sourceTree = "<group>"; };
/* End PBXFileReference section */

/* Begin PBXFrameworksBuildPhase section */
		27FA73EB20128FD5006D4B04 /* Frameworks */ = {
			isa = PBXFrameworksBuildPhase;
			buildActionMask = 2147483647;
			files = (
			);
			runOnlyForDeploymentPostprocessing = 0;
		};
		27FA73FF20128FD5006D4B04 /* Frameworks */ = {
			isa = PBXFrameworksBuildPhase;
			buildActionMask = 2147483647;
			files = (
			);
			runOnlyForDeploymentPostprocessing = 0;
		};
		27FA740A20128FD6006D4B04 /* Frameworks */ = {
			isa = PBXFrameworksBuildPhase;
			buildActionMask = 2147483647;
			files = (
			);
			runOnlyForDeploymentPostprocessing = 0;
		};
/* End PBXFrameworksBuildPhase section */

/* Begin PBXGroup section */
		27FA73E520128FD5006D4B04 = {
			isa = PBXGroup;
			children = (
				27FA73F020128FD5006D4B04 /* PokeClient */,
				27FA740520128FD5006D4B04 /* PokeClientTests */,
				27FA741020128FD6006D4B04 /* PokeClientUITests */,
				27FA73EF20128FD5006D4B04 /* Products */,
			);
			sourceTree = "<group>";
		};
		27FA73EF20128FD5006D4B04 /* Products */ = {
			isa = PBXGroup;
			children = (
				27FA73EE20128FD5006D4B04 /* PokeClient.app */,
				27FA740220128FD5006D4B04 /* PokeClientTests.xctest */,
				27FA740D20128FD6006D4B04 /* PokeClientUITests.xctest */,
			);
			name = Products;
			sourceTree = "<group>";
		};
		27FA73F020128FD5006D4B04 /* PokeClient */ = {
			isa = PBXGroup;
			children = (
				27FA73F120128FD5006D4B04 /* AppDelegate.swift */,
				27FA73F320128FD5006D4B04 /* ViewController.swift */,
				27FA73F520128FD5006D4B04 /* Main.storyboard */,
				27FA73F820128FD5006D4B04 /* Assets.xcassets */,
				27FA73FA20128FD5006D4B04 /* LaunchScreen.storyboard */,
				27FA73FD20128FD5006D4B04 /* Info.plist */,
			);
			path = PokeClient;
			sourceTree = "<group>";
		};
		27FA740520128FD5006D4B04 /* PokeClientTests */ = {
			isa = PBXGroup;
			children = (
				27FA740620128FD5006D4B04 /* PokeClientTests.swift */,
				27FA740820128FD6006D4B04 /* Info.plist */,
			);
			path = PokeClientTests;
			sourceTree = "<group>";
		};
		27FA741020128FD6006D4B04 /* PokeClientUITests */ = {
			isa = PBXGroup;
			children = (
				27FA741120128FD6006D4B04 /* PokeClientUITests.swift */,
				27FA741320128FD6006D4B04 /* Info.plist */,
			);
			path = PokeClientUITests;
			sourceTree = "<group>";
		};
/* End PBXGroup section */

/* Begin PBXNativeTarget section */
		27FA73ED20128FD5006D4B04 /* PokeClient */ = {
			isa = PBXNativeTarget;
			buildConfigurationList = 27FA741620128FD6006D4B04 /* Build configuration list for PBXNativeTarget "PokeClient" */;
			buildPhases = (
				27FA73EA20128FD5006D4B04 /* Sources */,
				27FA73EB20128FD5006D4B04 /* Frameworks */,
				27FA73EC20128FD5006D4B04 /* Resources */,
			);
			buildRules = (
			);
			dependencies = (
			);
			name = PokeClient;
			productName = PokeClient;
			productReference = 27FA73EE20128FD5006D4B04 /* PokeClient.app */;
			productType = "com.apple.product-type.application";
		};
		27FA740120128FD5006D4B04 /* PokeClientTests */ = {
			isa = PBXNativeTarget;
			buildConfigurationList = 27FA741920128FD6006D4B04 /* Build configuration list for PBXNativeTarget "PokeClientTests" */;
			buildPhases = (
				27FA73FE20128FD5006D4B04 /* Sources */,
				27FA73FF20128FD5006D4B04 /* Frameworks */,
				27FA740020128FD5006D4B04 /* Resources */,
			);
			buildRules = (
			);
			dependencies = (
				27FA740420128FD5006D4B04 /* PBXTargetDependency */,
			);
			name = PokeClientTests;
			productName = PokeClientTests;
			productReference = 27FA740220128FD5006D4B04 /* PokeClientTests.xctest */;
			productType = "com.apple.product-type.bundle.unit-test";
		};
		27FA740C20128FD6006D4B04 /* PokeClientUITests */ = {
			isa = PBXNativeTarget;
			buildConfigurationList = 27FA741C20128FD6006D4B04 /* Build configuration list for PBXNativeTarget "PokeClientUITests" */;
			buildPhases = (
				27FA740920128FD6006D4B04 /* Sources */,
				27FA740A20128FD6006D4B04 /* Frameworks */,
				27FA740B20128FD6006D4B04 /* Resources */,
			);
			buildRules = (
			);
			dependencies = (
				27FA740F20128FD6006D4B04 /* PBXTargetDependency */,
			);
			name = PokeClientUITests;
			productName = PokeClientUITests;
			productReference = 27FA740D20128FD6006D4B04 /* PokeClientUITests.xctest */;
			productType = "com.apple.product-type.bundle.ui-testing";
		};
/* End PBXNativeTarget section */

/* Begin PBXProject section */
		27FA73E620128FD5006D4B04 /* Project object */ = {
			isa = PBXProject;
			attributes = {
				LastSwiftUpdateCheck = 0920;
				LastUpgradeCheck = 0920;
				ORGANIZATIONNAME = "Tiago Santos";
				TargetAttributes = {
					27FA73ED20128FD5006D4B04 = {
						CreatedOnToolsVersion = 9.2;
						ProvisioningStyle = Automatic;
					};
					27FA740120128FD5006D4B04 = {
						CreatedOnToolsVersion = 9.2;
						ProvisioningStyle = Automatic;
						TestTargetID = 27FA73ED20128FD5006D4B04;
					};
					27FA740C20128FD6006D4B04 = {
						CreatedOnToolsVersion = 9.2;
						ProvisioningStyle = Automatic;
						TestTargetID = 27FA73ED20128FD5006D4B04;
					};
				};
			};
			buildConfigurationList = 27FA73E920128FD5006D4B04 /* Build configuration list for PBXProject "PokeClient" */;
			compatibilityVersion = "Xcode 8.0";
			developmentRegion = en;
			hasScannedForEncodings = 0;
			knownRegions = (
				en,
				Base,
			);
			mainGroup = 27FA73E520128FD5006D4B04;
			productRefGroup = 27FA73EF20128FD5006D4B04 /* Products */;
			projectDirPath = "";
			projectRoot = "";
			targets = (
				27FA73ED20128FD5006D4B04 /* PokeClient */,
				27FA740120128FD5006D4B04 /* PokeClientTests */,
				27FA740C20128FD6006D4B04 /* PokeClientUITests */,
			);
		};
/* End PBXProject section */

/* Begin PBXResourcesBuildPhase section */
		27FA73EC20128FD5006D4B04 /* Resources */ = {
			isa = PBXResourcesBuildPhase;
			buildActionMask = 2147483647;
			files = (
				27FA73FC20128FD5006D4B04 /* LaunchScreen.storyboard in Resources */,
				27FA73F920128FD5006D4B04 /* Assets.xcassets in Resources */,
				27FA73F720128FD5006D4B04 /* Main.storyboard in Resources */,
			);
			runOnlyForDeploymentPostprocessing = 0;
		};
		27FA740020128FD5006D4B04 /* Resources */ = {
			isa = PBXResourcesBuildPhase;
			buildActionMask = 2147483647;
			files = (
			);
			runOnlyForDeploymentPostprocessing = 0;
		};
		27FA740B20128FD6006D4B04 /* Resources */ = {
			isa = PBXResourcesBuildPhase;
			buildActionMask = 2147483647;
			files = (
			);
			runOnlyForDeploymentPostprocessing = 0;
		};
/* End PBXResourcesBuildPhase section */

/* Begin PBXSourcesBuildPhase section */
		27FA73EA20128FD5006D4B04 /* Sources */ = {
			isa = PBXSourcesBuildPhase;
			buildActionMask = 2147483647;
			files = (
				27FA73F420128FD5006D4B04 /* ViewController.swift in Sources */,
				27FA73F220128FD5006D4B04 /* AppDelegate.swift in Sources */,
			);
			runOnlyForDeploymentPostprocessing = 0;
		};
		27FA73FE20128FD5006D4B04 /* Sources */ = {
			isa = PBXSourcesBuildPhase;
			buildActionMask = 2147483647;
			files = (
				27FA740720128FD5006D4B04 /* PokeClientTests.swift in Sources */,
			);
			runOnlyForDeploymentPostprocessing = 0;
		};
		27FA740920128FD6006D4B04 /* Sources */ = {
			isa = PBXSourcesBuildPhase;
			buildActionMask = 2147483647;
			files = (
				27FA741220128FD6006D4B04 /* PokeClientUITests.swift in Sources */,
			);
			runOnlyForDeploymentPostprocessing = 0;
		};
/* End PBXSourcesBuildPhase section */

/* Begin PBXTargetDependency section */
		27FA740420128FD5006D4B04 /* PBXTargetDependency */ = {
			isa = PBXTargetDependency;
			target = 27FA73ED20128FD5006D4B04 /* PokeClient */;
			targetProxy = 27FA740320128FD5006D4B04 /* PBXContainerItemProxy */;
		};
		27FA740F20128FD6006D4B04 /* PBXTargetDependency */ = {
			isa = PBXTargetDependency;
			target = 27FA73ED20128FD5006D4B04 /* PokeClient */;
			targetProxy = 27FA740E20128FD6006D4B04 /* PBXContainerItemProxy */;
		};
/* End PBXTargetDependency section */

/* Begin PBXVariantGroup section */
		27FA73F520128FD5006D4B04 /* Main.storyboard */ = {
			isa = PBXVariantGroup;
			children = (
				27FA73F620128FD5006D4B04 /* Base */,
			);
			name = Main.storyboard;
			sourceTree = "<group>";
		};
		27FA73FA20128FD5006D4B04 /* LaunchScreen.storyboard */ = {
			isa = PBXVariantGroup;
			children = (
				27FA73FB20128FD5006D4B04 /* Base */,
			);
			name = LaunchScreen.storyboard;
			sourceTree = "<group>";
		};
/* End PBXVariantGroup section */

/* Begin XCBuildConfiguration section */
		27FA741420128FD6006D4B04 /* Debug */ = {
			isa = XCBuildConfiguration;
			buildSettings = {
				ALWAYS_SEARCH_USER_PATHS = NO;
				CLANG_ANALYZER_NONNULL = YES;
				CLANG_ANALYZER_NUMBER_OBJECT_CONVERSION = YES_AGGRESSIVE;
				CLANG_CXX_LANGUAGE_STANDARD = "gnu++14";
				CLANG_CXX_LIBRARY = "libc++";
				CLANG_ENABLE_MODULES = YES;
				CLANG_ENABLE_OBJC_ARC = YES;
				CLANG_WARN_BLOCK_CAPTURE_AUTORELEASING = YES;
				CLANG_WARN_BOOL_CONVERSION = YES;
				CLANG_WARN_COMMA = YES;
				CLANG_WARN_CONSTANT_CONVERSION = YES;
				CLANG_WARN_DIRECT_OBJC_ISA_USAGE = YES_ERROR;
				CLANG_WARN_DOCUMENTATION_COMMENTS = YES;
				CLANG_WARN_EMPTY_BODY = YES;
				CLANG_WARN_ENUM_CONVERSION = YES;
				CLANG_WARN_INFINITE_RECURSION = YES;
				CLANG_WARN_INT_CONVERSION = YES;
				CLANG_WARN_NON_LITERAL_NULL_CONVERSION = YES;
				CLANG_WARN_OBJC_LITERAL_CONVERSION = YES;
				CLANG_WARN_OBJC_ROOT_CLASS = YES_ERROR;
				CLANG_WARN_RANGE_LOOP_ANALYSIS = YES;
				CLANG_WARN_STRICT_PROTOTYPES = YES;
				CLANG_WARN_SUSPICIOUS_MOVE = YES;
				CLANG_WARN_UNGUARDED_AVAILABILITY = YES_AGGRESSIVE;
				CLANG_WARN_UNREACHABLE_CODE = YES;
				CLANG_WARN__DUPLICATE_METHOD_MATCH = YES;
				CODE_SIGN_IDENTITY = "iPhone Developer";
				COPY_PHASE_STRIP = NO;
				DEBUG_INFORMATION_FORMAT = dwarf;
				ENABLE_STRICT_OBJC_MSGSEND = YES;
				ENABLE_TESTABILITY = YES;
				GCC_C_LANGUAGE_STANDARD = gnu11;
				GCC_DYNAMIC_NO_PIC = NO;
				GCC_NO_COMMON_BLOCKS = YES;
				GCC_OPTIMIZATION_LEVEL = 0;
				GCC_PREPROCESSOR_DEFINITIONS = (
					"DEBUG=1",
					"$(inherited)",
				);
				GCC_WARN_64_TO_32_BIT_CONVERSION = YES;
				GCC_WARN_ABOUT_RETURN_TYPE = YES_ERROR;
				GCC_WARN_UNDECLARED_SELECTOR = YES;
				GCC_WARN_UNINITIALIZED_AUTOS = YES_AGGRESSIVE;
				GCC_WARN_UNUSED_FUNCTION = YES;
				GCC_WARN_UNUSED_VARIABLE = YES;
				IPHONEOS_DEPLOYMENT_TARGET = 11.2;
				MTL_ENABLE_DEBUG_INFO = YES;
				ONLY_ACTIVE_ARCH = YES;
				SDKROOT = iphoneos;
				SWIFT_ACTIVE_COMPILATION_CONDITIONS = DEBUG;
				SWIFT_OPTIMIZATION_LEVEL = "-Onone";
			};
			name = Debug;
		};
		27FA741520128FD6006D4B04 /* Release */ = {
			isa = XCBuildConfiguration;
			buildSettings = {
				ALWAYS_SEARCH_USER_PATHS = NO;
				CLANG_ANALYZER_NONNULL = YES;
				CLANG_ANALYZER_NUMBER_OBJECT_CONVERSION = YES_AGGRESSIVE;
				CLANG_CXX_LANGUAGE_STANDARD = "gnu++14";
				CLANG_CXX_LIBRARY = "libc++";
				CLANG_ENABLE_MODULES = YES;
				CLANG_ENABLE_OBJC_ARC = YES;
				CLANG_WARN_BLOCK_CAPTURE_AUTORELEASING = YES;
				CLANG_WARN_BOOL_CONVERSION = YES;
				CLANG_WARN_COMMA = YES;
				CLANG_WARN_CONSTANT_CONVERSION = YES;
				CLANG_WARN_DIRECT_OBJC_ISA_USAGE = YES_ERROR;
				CLANG_WARN_DOCUMENTATION_COMMENTS = YES;
				CLANG_WARN_EMPTY_BODY = YES;
				CLANG_WARN_ENUM_CONVERSION = YES;
				CLANG_WARN_INFINITE_RECURSION = YES;
				CLANG_WARN_INT_CONVERSION = YES;
				CLANG_WARN_NON_LITERAL_NULL_CONVERSION = YES;
				CLANG_WARN_OBJC_LITERAL_CONVERSION = YES;
				CLANG_WARN_OBJC_ROOT_CLASS = YES_ERROR;
				CLANG_WARN_RANGE_LOOP_ANALYSIS = YES;
				CLANG_WARN_STRICT_PROTOTYPES = YES;
				CLANG_WARN_SUSPICIOUS_MOVE = YES;
				CLANG_WARN_UNGUARDED_AVAILABILITY = YES_AGGRESSIVE;
				CLANG_WARN_UNREACHABLE_CODE = YES;
				CLANG_WARN__DUPLICATE_METHOD_MATCH = YES;
				CODE_SIGN_IDENTITY = "iPhone Developer";
				COPY_PHASE_STRIP = NO;
				DEBUG_INFORMATION_FORMAT = "dwarf-with-dsym";
				ENABLE_NS_ASSERTIONS = NO;
				ENABLE_STRICT_OBJC_MSGSEND = YES;
				GCC_C_LANGUAGE_STANDARD = gnu11;
				GCC_NO_COMMON_BLOCKS = YES;
				GCC_WARN_64_TO_32_BIT_CONVERSION = YES;
				GCC_WARN_ABOUT_RETURN_TYPE = YES_ERROR;
				GCC_WARN_UNDECLARED_SELECTOR = YES;
				GCC_WARN_UNINITIALIZED_AUTOS = YES_AGGRESSIVE;
				GCC_WARN_UNUSED_FUNCTION = YES;
				GCC_WARN_UNUSED_VARIABLE = YES;
				IPHONEOS_DEPLOYMENT_TARGET = 11.2;
				MTL_ENABLE_DEBUG_INFO = NO;
				SDKROOT = iphoneos;
				SWIFT_OPTIMIZATION_LEVEL = "-Owholemodule";
				VALIDATE_PRODUCT = YES;
			};
			name = Release;
		};
		27FA741720128FD6006D4B04 /* Debug */ = {
			isa = XCBuildConfiguration;
			buildSettings = {
				ASSETCATALOG_COMPILER_APPICON_NAME = AppIcon;
				CODE_SIGN_STYLE = Automatic;
				DEVELOPMENT_TEAM = 64E8842TP6;
				INFOPLIST_FILE = PokeClient/Info.plist;
				LD_RUNPATH_SEARCH_PATHS = "$(inherited) @executable_path/Frameworks";
				PRODUCT_BUNDLE_IDENTIFIER = "Tiago-Santos.PokeClient";
				PRODUCT_NAME = "$(TARGET_NAME)";
				SWIFT_VERSION = 4.0;
				TARGETED_DEVICE_FAMILY = "1,2";
			};
			name = Debug;
		};
		27FA741820128FD6006D4B04 /* Release */ = {
			isa = XCBuildConfiguration;
			buildSettings = {
				ASSETCATALOG_COMPILER_APPICON_NAME = AppIcon;
				CODE_SIGN_STYLE = Automatic;
				DEVELOPMENT_TEAM = 64E8842TP6;
				INFOPLIST_FILE = PokeClient/Info.plist;
				LD_RUNPATH_SEARCH_PATHS = "$(inherited) @executable_path/Frameworks";
				PRODUCT_BUNDLE_IDENTIFIER = "Tiago-Santos.PokeClient";
				PRODUCT_NAME = "$(TARGET_NAME)";
				SWIFT_VERSION = 4.0;
				TARGETED_DEVICE_FAMILY = "1,2";
			};
			name = Release;
		};
		27FA741A20128FD6006D4B04 /* Debug */ = {
			isa = XCBuildConfiguration;
			buildSettings = {
				ALWAYS_EMBED_SWIFT_STANDARD_LIBRARIES = YES;
				BUNDLE_LOADER = "$(TEST_HOST)";
				CODE_SIGN_STYLE = Automatic;
				DEVELOPMENT_TEAM = 64E8842TP6;
				INFOPLIST_FILE = PokeClientTests/Info.plist;
				LD_RUNPATH_SEARCH_PATHS = "$(inherited) @executable_path/Frameworks @loader_path/Frameworks";
				PRODUCT_BUNDLE_IDENTIFIER = "Tiago-Santos.PokeClientTests";
				PRODUCT_NAME = "$(TARGET_NAME)";
				SWIFT_VERSION = 4.0;
				TARGETED_DEVICE_FAMILY = "1,2";
				TEST_HOST = "$(BUILT_PRODUCTS_DIR)/PokeClient.app/PokeClient";
			};
			name = Debug;
		};
		27FA741B20128FD6006D4B04 /* Release */ = {
			isa = XCBuildConfiguration;
			buildSettings = {
				ALWAYS_EMBED_SWIFT_STANDARD_LIBRARIES = YES;
				BUNDLE_LOADER = "$(TEST_HOST)";
				CODE_SIGN_STYLE = Automatic;
				DEVELOPMENT_TEAM = 64E8842TP6;
				INFOPLIST_FILE = PokeClientTests/Info.plist;
				LD_RUNPATH_SEARCH_PATHS = "$(inherited) @executable_path/Frameworks @loader_path/Frameworks";
				PRODUCT_BUNDLE_IDENTIFIER = "Tiago-Santos.PokeClientTests";
				PRODUCT_NAME = "$(TARGET_NAME)";
				SWIFT_VERSION = 4.0;
				TARGETED_DEVICE_FAMILY = "1,2";
				TEST_HOST = "$(BUILT_PRODUCTS_DIR)/PokeClient.app/PokeClient";
			};
			name = Release;
		};
		27FA741D20128FD6006D4B04 /* Debug */ = {
			isa = XCBuildConfiguration;
			buildSettings = {
				ALWAYS_EMBED_SWIFT_STANDARD_LIBRARIES = YES;
				CODE_SIGN_STYLE = Automatic;
				DEVELOPMENT_TEAM = 64E8842TP6;
				INFOPLIST_FILE = PokeClientUITests/Info.plist;
				LD_RUNPATH_SEARCH_PATHS = "$(inherited) @executable_path/Frameworks @loader_path/Frameworks";
				PRODUCT_BUNDLE_IDENTIFIER = "Tiago-Santos.PokeClientUITests";
				PRODUCT_NAME = "$(TARGET_NAME)";
				SWIFT_VERSION = 4.0;
				TARGETED_DEVICE_FAMILY = "1,2";
				TEST_TARGET_NAME = PokeClient;
			};
			name = Debug;
		};
		27FA741E20128FD6006D4B04 /* Release */ = {
			isa = XCBuildConfiguration;
			buildSettings = {
				ALWAYS_EMBED_SWIFT_STANDARD_LIBRARIES = YES;
				CODE_SIGN_STYLE = Automatic;
				DEVELOPMENT_TEAM = 64E8842TP6;
				INFOPLIST_FILE = PokeClientUITests/Info.plist;
				LD_RUNPATH_SEARCH_PATHS = "$(inherited) @executable_path/Frameworks @loader_path/Frameworks";
				PRODUCT_BUNDLE_IDENTIFIER = "Tiago-Santos.PokeClientUITests";
				PRODUCT_NAME = "$(TARGET_NAME)";
				SWIFT_VERSION = 4.0;
				TARGETED_DEVICE_FAMILY = "1,2";
				TEST_TARGET_NAME = PokeClient;
			};
			name = Release;
		};
/* End XCBuildConfiguration section */

/* Begin XCConfigurationList section */
		27FA73E920128FD5006D4B04 /* Build configuration list for PBXProject "PokeClient" */ = {
			isa = XCConfigurationList;
			buildConfigurations = (
				27FA741420128FD6006D4B04 /* Debug */,
				27FA741520128FD6006D4B04 /* Release */,
			);
			defaultConfigurationIsVisible = 0;
			defaultConfigurationName = Release;
		};
		27FA741620128FD6006D4B04 /* Build configuration list for PBXNativeTarget "PokeClient" */ = {
			isa = XCConfigurationList;
			buildConfigurations = (
				27FA741720128FD6006D4B04 /* Debug */,
				27FA741820128FD6006D4B04 /* Release */,
			);
			defaultConfigurationIsVisible = 0;
			defaultConfigurationName = Release;
		};
		27FA741920128FD6006D4B04 /* Build configuration list for PBXNativeTarget "PokeClientTests" */ = {
			isa = XCConfigurationList;
			buildConfigurations = (
				27FA741A20128FD6006D4B04 /* Debug */,
				27FA741B20128FD6006D4B04 /* Release */,
			);
			defaultConfigurationIsVisible = 0;
			defaultConfigurationName = Release;
		};
		27FA741C20128FD6006D4B04 /* Build configuration list for PBXNativeTarget "PokeClientUITests" */ = {
			isa = XCConfigurationList;
			buildConfigurations = (
				27FA741D20128FD6006D4B04 /* Debug */,
				27FA741E20128FD6006D4B04 /* Release */,
			);
			defaultConfigurationIsVisible = 0;
			defaultConfigurationName = Release;
		};
/* End XCConfigurationList section */
	};
	rootObject = 27FA73E620128FD5006D4B04 /* Project object */;
}
